// !$*UTF8*$!
{
	archiveVersion = 1;
	classes = {
	};
	objectVersion = 56;
	objects = {

/* Begin PBXBuildFile section */
		2E1DB69F29F6FE2A00A03848 /* PhotoCaptureView.swift in Sources */ = {isa = PBXBuildFile; fileRef = 2E1DB69E29F6FE2A00A03848 /* PhotoCaptureView.swift */; };
		2E1DB6A129F7002E00A03848 /* AuthViewModel.swift in Sources */ = {isa = PBXBuildFile; fileRef = 2E1DB6A029F7002E00A03848 /* AuthViewModel.swift */; };
		2E303C3929F949CF00C93E20 /* NeighborhoodModel.swift in Sources */ = {isa = PBXBuildFile; fileRef = 2E303C3829F949CF00C93E20 /* NeighborhoodModel.swift */; };
		2E303C3E29F980FA00C93E20 /* CheckableImageWithTitle.swift in Sources */ = {isa = PBXBuildFile; fileRef = 2E303C3D29F980FA00C93E20 /* CheckableImageWithTitle.swift */; };
		2E303C4129F998BD00C93E20 /* RenterProfileHelperSubviews.swift in Sources */ = {isa = PBXBuildFile; fileRef = 2E303C4029F998BD00C93E20 /* RenterProfileHelperSubviews.swift */; };
		2E3264EF29EDA165000E3435 /* SelectDocumentTypeView.swift in Sources */ = {isa = PBXBuildFile; fileRef = 2E3264EE29EDA165000E3435 /* SelectDocumentTypeView.swift */; };
		2E32B9C529EC699000B96558 /* MessageRenterViewModel.swift in Sources */ = {isa = PBXBuildFile; fileRef = 2E32B9C429EC699000B96558 /* MessageRenterViewModel.swift */; };
		2E4BEE1E29F5973B005CD69D /* SupportRenter.swift in Sources */ = {isa = PBXBuildFile; fileRef = 2E4BEE1D29F5973B005CD69D /* SupportRenter.swift */; };
		2E4BEE2029F5A4C0005CD69D /* LineView.swift in Sources */ = {isa = PBXBuildFile; fileRef = 2E4BEE1F29F5A4C0005CD69D /* LineView.swift */; };
		2E4BEE2329F5A8FA005CD69D /* MyDocumentsView.swift in Sources */ = {isa = PBXBuildFile; fileRef = 2E4BEE2229F5A8FA005CD69D /* MyDocumentsView.swift */; };
		2E63256929F7EC8F004D5AE1 /* RounderShadowModifier.swift in Sources */ = {isa = PBXBuildFile; fileRef = 2E63256829F7EC8F004D5AE1 /* RounderShadowModifier.swift */; };
		2E63256C29F7EF12004D5AE1 /* RenterProfileEditView.swift in Sources */ = {isa = PBXBuildFile; fileRef = 2E63256B29F7EF12004D5AE1 /* RenterProfileEditView.swift */; };
		2E63256E29F7EF2C004D5AE1 /* RenterProfileViewModel.swift in Sources */ = {isa = PBXBuildFile; fileRef = 2E63256D29F7EF2C004D5AE1 /* RenterProfileViewModel.swift */; };
		2E6578DD29F5C77E00E53F07 /* MyParticle.sks in Resources */ = {isa = PBXBuildFile; fileRef = 2E6578DC29F5C77E00E53F07 /* MyParticle.sks */; };
		2E731CCA29FBDD1D000EE348 /* TimePickerUI.swift in Sources */ = {isa = PBXBuildFile; fileRef = 2E731CC929FBDD1D000EE348 /* TimePickerUI.swift */; };
		2E731CCC29FBE9B1000EE348 /* RenterFilterView.swift in Sources */ = {isa = PBXBuildFile; fileRef = 2E731CCB29FBE9B1000EE348 /* RenterFilterView.swift */; };
		2E731CCF29FBEF84000EE348 /* RenterFilterView_UI.swift in Sources */ = {isa = PBXBuildFile; fileRef = 2E731CCE29FBEF84000EE348 /* RenterFilterView_UI.swift */; };
		2E781FC829EBAD0700F3C5A9 /* ReZemeUIApp.swift in Sources */ = {isa = PBXBuildFile; fileRef = 2E781FC729EBAD0700F3C5A9 /* ReZemeUIApp.swift */; };
		2E781FCA29EBAD0700F3C5A9 /* ContentView.swift in Sources */ = {isa = PBXBuildFile; fileRef = 2E781FC929EBAD0700F3C5A9 /* ContentView.swift */; };
		2E781FCC29EBAD0900F3C5A9 /* Assets.xcassets in Resources */ = {isa = PBXBuildFile; fileRef = 2E781FCB29EBAD0900F3C5A9 /* Assets.xcassets */; };
		2E781FCF29EBAD0900F3C5A9 /* Preview Assets.xcassets in Resources */ = {isa = PBXBuildFile; fileRef = 2E781FCE29EBAD0900F3C5A9 /* Preview Assets.xcassets */; };
		2E781FDE29EBADC700F3C5A9 /* CreditCheckView.swift in Sources */ = {isa = PBXBuildFile; fileRef = 2E781FD729EBADC700F3C5A9 /* CreditCheckView.swift */; };
		2E781FDF29EBADC700F3C5A9 /* CongratsView.swift in Sources */ = {isa = PBXBuildFile; fileRef = 2E781FD829EBADC700F3C5A9 /* CongratsView.swift */; };
		2E781FE029EBADC700F3C5A9 /* RequestedDocCard.swift in Sources */ = {isa = PBXBuildFile; fileRef = 2E781FDA29EBADC700F3C5A9 /* RequestedDocCard.swift */; };
		2E781FE129EBADC700F3C5A9 /* AddingInviteEmailCard.swift in Sources */ = {isa = PBXBuildFile; fileRef = 2E781FDB29EBADC700F3C5A9 /* AddingInviteEmailCard.swift */; };
		2E781FE229EBADC700F3C5A9 /* ContenViewModel.swift in Sources */ = {isa = PBXBuildFile; fileRef = 2E781FDC29EBADC700F3C5A9 /* ContenViewModel.swift */; };
		2E781FE329EBADC700F3C5A9 /* ApplicationChecklist.swift in Sources */ = {isa = PBXBuildFile; fileRef = 2E781FDD29EBADC700F3C5A9 /* ApplicationChecklist.swift */; };
		2E781FE829EBAE1000F3C5A9 /* FontWithLineHeight.swift in Sources */ = {isa = PBXBuildFile; fileRef = 2E781FE729EBAE1000F3C5A9 /* FontWithLineHeight.swift */; };
		2E781FEA29EBAE4A00F3C5A9 /* Fonts.swift in Sources */ = {isa = PBXBuildFile; fileRef = 2E781FE929EBAE4A00F3C5A9 /* Fonts.swift */; };
		2E781FEE29EBAF0000F3C5A9 /* Colors.xcassets in Resources */ = {isa = PBXBuildFile; fileRef = 2E781FEC29EBAF0000F3C5A9 /* Colors.xcassets */; };
		2E781FEF29EBAF0000F3C5A9 /* Color.swift in Sources */ = {isa = PBXBuildFile; fileRef = 2E781FED29EBAF0000F3C5A9 /* Color.swift */; };
		2E781FF729EBAF1F00F3C5A9 /* Poppins-Light.ttf in Resources */ = {isa = PBXBuildFile; fileRef = 2E781FF129EBAF1F00F3C5A9 /* Poppins-Light.ttf */; };
		2E781FF829EBAF1F00F3C5A9 /* Poppins-Medium.ttf in Resources */ = {isa = PBXBuildFile; fileRef = 2E781FF229EBAF1F00F3C5A9 /* Poppins-Medium.ttf */; };
		2E781FF929EBAF1F00F3C5A9 /* Poppins-ExtraBold.ttf in Resources */ = {isa = PBXBuildFile; fileRef = 2E781FF329EBAF1F00F3C5A9 /* Poppins-ExtraBold.ttf */; };
		2E781FFA29EBAF1F00F3C5A9 /* Poppins-Regular.ttf in Resources */ = {isa = PBXBuildFile; fileRef = 2E781FF429EBAF1F00F3C5A9 /* Poppins-Regular.ttf */; };
		2E781FFB29EBAF1F00F3C5A9 /* Poppins-Bold.ttf in Resources */ = {isa = PBXBuildFile; fileRef = 2E781FF529EBAF1F00F3C5A9 /* Poppins-Bold.ttf */; };
		2E781FFC29EBAF1F00F3C5A9 /* Poppins-SemiBold.ttf in Resources */ = {isa = PBXBuildFile; fileRef = 2E781FF629EBAF1F00F3C5A9 /* Poppins-SemiBold.ttf */; };
		2E781FFE29EBB03A00F3C5A9 /* Shadow+.swift in Sources */ = {isa = PBXBuildFile; fileRef = 2E781FFD29EBB03A00F3C5A9 /* Shadow+.swift */; };
		2E78200029EBB05800F3C5A9 /* ColorGradient.swift in Sources */ = {isa = PBXBuildFile; fileRef = 2E781FFF29EBB05800F3C5A9 /* ColorGradient.swift */; };
		2E78200329EBB08000F3C5A9 /* PrimaryTextField.swift in Sources */ = {isa = PBXBuildFile; fileRef = 2E78200229EBB08000F3C5A9 /* PrimaryTextField.swift */; };
		2E78200529EBB0AB00F3C5A9 /* CustomAlert.swift in Sources */ = {isa = PBXBuildFile; fileRef = 2E78200429EBB0AB00F3C5A9 /* CustomAlert.swift */; };
		2E78200729EBB0D800F3C5A9 /* CustomCornerRadius.swift in Sources */ = {isa = PBXBuildFile; fileRef = 2E78200629EBB0D800F3C5A9 /* CustomCornerRadius.swift */; };
		2E78200D29EBB13200F3C5A9 /* NavigationNavBar.swift in Sources */ = {isa = PBXBuildFile; fileRef = 2E78200929EBB13200F3C5A9 /* NavigationNavBar.swift */; };
		2E78200F29EBB13200F3C5A9 /* NavigationCustomModifier.swift in Sources */ = {isa = PBXBuildFile; fileRef = 2E78200B29EBB13200F3C5A9 /* NavigationCustomModifier.swift */; };
		2E78201029EBB13200F3C5A9 /* NavigationLazy.swift in Sources */ = {isa = PBXBuildFile; fileRef = 2E78200C29EBB13200F3C5A9 /* NavigationLazy.swift */; };
		2E78201429EBB14800F3C5A9 /* Constants.swift in Sources */ = {isa = PBXBuildFile; fileRef = 2E78201229EBB14800F3C5A9 /* Constants.swift */; };
		2E78201529EBB14800F3C5A9 /* Enums.swift in Sources */ = {isa = PBXBuildFile; fileRef = 2E78201329EBB14800F3C5A9 /* Enums.swift */; };
		2E78201729EBB2A300F3C5A9 /* AsyncImage.swift in Sources */ = {isa = PBXBuildFile; fileRef = 2E78201629EBB2A300F3C5A9 /* AsyncImage.swift */; };
		2E78201E29EBB2C600F3C5A9 /* ImageCache.swift in Sources */ = {isa = PBXBuildFile; fileRef = 2E78201929EBB2C600F3C5A9 /* ImageCache.swift */; };
		2E78201F29EBB2C600F3C5A9 /* ImageLoader.swift in Sources */ = {isa = PBXBuildFile; fileRef = 2E78201A29EBB2C600F3C5A9 /* ImageLoader.swift */; };
		2E78202029EBB2C600F3C5A9 /* ImagePicker.swift in Sources */ = {isa = PBXBuildFile; fileRef = 2E78201B29EBB2C600F3C5A9 /* ImagePicker.swift */; };
		2E78202129EBB2C600F3C5A9 /* EnvironmentValues+ImageCache.swift in Sources */ = {isa = PBXBuildFile; fileRef = 2E78201C29EBB2C600F3C5A9 /* EnvironmentValues+ImageCache.swift */; };
		2E78202229EBB2C600F3C5A9 /* AsyncImageTool.swift in Sources */ = {isa = PBXBuildFile; fileRef = 2E78201D29EBB2C600F3C5A9 /* AsyncImageTool.swift */; };
		2E84CE0329F12E330029FDBD /* ActionButton.swift in Sources */ = {isa = PBXBuildFile; fileRef = 2E84CE0229F12E330029FDBD /* ActionButton.swift */; };
		2E84CE0529F548470029FDBD /* SettingsRenter.swift in Sources */ = {isa = PBXBuildFile; fileRef = 2E84CE0429F548470029FDBD /* SettingsRenter.swift */; };
		2E84CE0729F549AF0029FDBD /* ExpandingCell.swift in Sources */ = {isa = PBXBuildFile; fileRef = 2E84CE0629F549AF0029FDBD /* ExpandingCell.swift */; };
		2E84CE0B29F54DFB0029FDBD /* ButtonMaker.swift in Sources */ = {isa = PBXBuildFile; fileRef = 2E84CE0A29F54DFB0029FDBD /* ButtonMaker.swift */; };
		2EB5030829F8A888006FAFE1 /* SavedListingsEmptyView.swift in Sources */ = {isa = PBXBuildFile; fileRef = 2EB5030629F8A888006FAFE1 /* SavedListingsEmptyView.swift */; };
		2EB5030929F8A888006FAFE1 /* ApplicationsEmptyView.swift in Sources */ = {isa = PBXBuildFile; fileRef = 2EB5030729F8A888006FAFE1 /* ApplicationsEmptyView.swift */; };
		2EC1DD9B29FA712B006DA0BC /* RenterMainExView.swift in Sources */ = {isa = PBXBuildFile; fileRef = 2EC1DD9A29FA712B006DA0BC /* RenterMainExView.swift */; };
		2EC1DD9D29FA7DDA006DA0BC /* FilterViewModel.swift in Sources */ = {isa = PBXBuildFile; fileRef = 2EC1DD9C29FA7DDA006DA0BC /* FilterViewModel.swift */; };
		2EC1DDA029FA934A006DA0BC /* HeaderWithImageTitleTip.swift in Sources */ = {isa = PBXBuildFile; fileRef = 2EC1DD9F29FA934A006DA0BC /* HeaderWithImageTitleTip.swift */; };
		2ECE121929FD600C00B60263 /* SavedListingsView.swift in Sources */ = {isa = PBXBuildFile; fileRef = 2ECE121829FD600C00B60263 /* SavedListingsView.swift */; };
		2ECE121C29FD606200B60263 /* SavedItemView.swift in Sources */ = {isa = PBXBuildFile; fileRef = 2ECE121B29FD606200B60263 /* SavedItemView.swift */; };
		2ECE121E29FD609400B60263 /* SavedButton.swift in Sources */ = {isa = PBXBuildFile; fileRef = 2ECE121D29FD609400B60263 /* SavedButton.swift */; };
		2ECE122129FD67B700B60263 /* RenterDocumentsView.swift in Sources */ = {isa = PBXBuildFile; fileRef = 2ECE122029FD67B700B60263 /* RenterDocumentsView.swift */; };
		2ECE122329FD68D000B60263 /* DocumentItemCell.swift in Sources */ = {isa = PBXBuildFile; fileRef = 2ECE122229FD68D000B60263 /* DocumentItemCell.swift */; };
		2ED7EEBD29F9A46300EBE31C /* RenterPropertyDetailView.swift in Sources */ = {isa = PBXBuildFile; fileRef = 2ED7EEBC29F9A46300EBE31C /* RenterPropertyDetailView.swift */; };
		2ED7EEC029F9A4B200EBE31C /* RenterDetailRemove.swift in Sources */ = {isa = PBXBuildFile; fileRef = 2ED7EEBF29F9A4B200EBE31C /* RenterDetailRemove.swift */; };
		2EDDF8A529EE2DFC00A07574 /* MeetingAlertView.swift in Sources */ = {isa = PBXBuildFile; fileRef = 2EDDF8A429EE2DFC00A07574 /* MeetingAlertView.swift */; };
		2EDDF8A829EE2ED700A07574 /* VisualEffectView.swift in Sources */ = {isa = PBXBuildFile; fileRef = 2EDDF8A729EE2ED700A07574 /* VisualEffectView.swift */; };
		2EDDF8AA29EE438D00A07574 /* RenterChatTypesProtocol.swift in Sources */ = {isa = PBXBuildFile; fileRef = 2EDDF8A929EE438D00A07574 /* RenterChatTypesProtocol.swift */; };
		2EE41D6D29F0B6F200E4B878 /* PhoneNumberView.swift in Sources */ = {isa = PBXBuildFile; fileRef = 2EE41D6C29F0B6F200E4B878 /* PhoneNumberView.swift */; };
		2EE41D6F29F0C62300E4B878 /* PinCodeTextField.swift in Sources */ = {isa = PBXBuildFile; fileRef = 2EE41D6E29F0C62300E4B878 /* PinCodeTextField.swift */; };
		2EE41D7129F0C86E00E4B878 /* PinViewModel.swift in Sources */ = {isa = PBXBuildFile; fileRef = 2EE41D7029F0C86E00E4B878 /* PinViewModel.swift */; };
		2EE41D7529F0CB4700E4B878 /* PinCodeView.swift in Sources */ = {isa = PBXBuildFile; fileRef = 2EE41D7429F0CB4700E4B878 /* PinCodeView.swift */; };
		2EEB218629EF6553005D13A7 /* MessageAgent.swift in Sources */ = {isa = PBXBuildFile; fileRef = 2EEB218529EF6553005D13A7 /* MessageAgent.swift */; };
		2EEB218829EF65F5005D13A7 /* MessageAgentViewModel.swift in Sources */ = {isa = PBXBuildFile; fileRef = 2EEB218729EF65F5005D13A7 /* MessageAgentViewModel.swift */; };
		2EEB218C29EF6871005D13A7 /* AgentOfferChat.swift in Sources */ = {isa = PBXBuildFile; fileRef = 2EEB218B29EF6871005D13A7 /* AgentOfferChat.swift */; };
		2EEB218E29EF6A05005D13A7 /* AgentChatItem.swift in Sources */ = {isa = PBXBuildFile; fileRef = 2EEB218D29EF6A05005D13A7 /* AgentChatItem.swift */; };
		2EEB21E929EF6FF2005D13A7 /* AgentChatTypesProtocol.swift in Sources */ = {isa = PBXBuildFile; fileRef = 2EEB21E829EF6FF2005D13A7 /* AgentChatTypesProtocol.swift */; };
		2EEB21EB29EF72A5005D13A7 /* AgentMeetingChat.swift in Sources */ = {isa = PBXBuildFile; fileRef = 2EEB21EA29EF72A5005D13A7 /* AgentMeetingChat.swift */; };
		2EEB21ED29EF7410005D13A7 /* AgentAlarmChat.swift in Sources */ = {isa = PBXBuildFile; fileRef = 2EEB21EC29EF7410005D13A7 /* AgentAlarmChat.swift */; };
		2EEED74129EC1D49005AD516 /* MessageRenter.swift in Sources */ = {isa = PBXBuildFile; fileRef = 2EEED73529EC1D49005AD516 /* MessageRenter.swift */; };
		2EEED74229EC1D49005AD516 /* OfferChat.swift in Sources */ = {isa = PBXBuildFile; fileRef = 2EEED73729EC1D49005AD516 /* OfferChat.swift */; };
		2EEED74329EC1D49005AD516 /* MeetingChat.swift in Sources */ = {isa = PBXBuildFile; fileRef = 2EEED73829EC1D49005AD516 /* MeetingChat.swift */; };
		2EEED74429EC1D49005AD516 /* AlarmChat.swift in Sources */ = {isa = PBXBuildFile; fileRef = 2EEED73929EC1D49005AD516 /* AlarmChat.swift */; };
		2EEED74529EC1D49005AD516 /* ChatTextFiledStyle.swift in Sources */ = {isa = PBXBuildFile; fileRef = 2EEED73A29EC1D49005AD516 /* ChatTextFiledStyle.swift */; };
		2EEED74629EC1D49005AD516 /* ClientChat.swift in Sources */ = {isa = PBXBuildFile; fileRef = 2EEED73B29EC1D49005AD516 /* ClientChat.swift */; };
		2EEED74729EC1D49005AD516 /* UserChat.swift in Sources */ = {isa = PBXBuildFile; fileRef = 2EEED73C29EC1D49005AD516 /* UserChat.swift */; };
		2EEED74829EC1D49005AD516 /* ChatItem.swift in Sources */ = {isa = PBXBuildFile; fileRef = 2EEED73D29EC1D49005AD516 /* ChatItem.swift */; };
		2EEED74929EC1D49005AD516 /* OfferChatModel.swift in Sources */ = {isa = PBXBuildFile; fileRef = 2EEED73F29EC1D49005AD516 /* OfferChatModel.swift */; };
		2EEED74A29EC1D49005AD516 /* MessageType.swift in Sources */ = {isa = PBXBuildFile; fileRef = 2EEED74029EC1D49005AD516 /* MessageType.swift */; };
		2EEED74C29EC1D62005AD516 /* MockDataRenter.swift in Sources */ = {isa = PBXBuildFile; fileRef = 2EEED74B29EC1D62005AD516 /* MockDataRenter.swift */; };
		2EEED74E29EC1DC3005AD516 /* Formatting.swift in Sources */ = {isa = PBXBuildFile; fileRef = 2EEED74D29EC1DC3005AD516 /* Formatting.swift */; };
		2EEED75029EC1E15005AD516 /* KeyboardHeightHelper.swift in Sources */ = {isa = PBXBuildFile; fileRef = 2EEED74F29EC1E15005AD516 /* KeyboardHeightHelper.swift */; };
		2EF7741D29EDB2CF00AA7D5C /* SelectDocSheetView.swift in Sources */ = {isa = PBXBuildFile; fileRef = 2EF7741C29EDB2CF00AA7D5C /* SelectDocSheetView.swift */; };
		2EF7741F29EDB58200AA7D5C /* UploadFileView.swift in Sources */ = {isa = PBXBuildFile; fileRef = 2EF7741E29EDB58200AA7D5C /* UploadFileView.swift */; };
		2EF7742129EDC79700AA7D5C /* UploadFileSheetView.swift in Sources */ = {isa = PBXBuildFile; fileRef = 2EF7742029EDC79700AA7D5C /* UploadFileSheetView.swift */; };
		2EF7742329EDC86300AA7D5C /* FileModel.swift in Sources */ = {isa = PBXBuildFile; fileRef = 2EF7742229EDC86300AA7D5C /* FileModel.swift */; };
		2EF7742729EDD24A00AA7D5C /* MeetingTypeAlert.swift in Sources */ = {isa = PBXBuildFile; fileRef = 2EF7742629EDD24A00AA7D5C /* MeetingTypeAlert.swift */; };
		9D141DD929F94F6100CA6E23 /* AgentPhoneNumberView.swift in Sources */ = {isa = PBXBuildFile; fileRef = 9D141DD829F94F6100CA6E23 /* AgentPhoneNumberView.swift */; };
		9D141DDB29F952B700CA6E23 /* AgentPinCodeView.swift in Sources */ = {isa = PBXBuildFile; fileRef = 9D141DDA29F952B700CA6E23 /* AgentPinCodeView.swift */; };
		9D141DDE29F9567E00CA6E23 /* AgentProStatisticView.swift in Sources */ = {isa = PBXBuildFile; fileRef = 9D141DDD29F9567E00CA6E23 /* AgentProStatisticView.swift */; };
		9D141DE029F9618F00CA6E23 /* LineChart.swift in Sources */ = {isa = PBXBuildFile; fileRef = 9D141DDF29F9618F00CA6E23 /* LineChart.swift */; };
		9D141DE429F99B2000CA6E23 /* AgentNotificationView.swift in Sources */ = {isa = PBXBuildFile; fileRef = 9D141DE329F99B2000CA6E23 /* AgentNotificationView.swift */; };
		9D2694BE29EDD28500AA6272 /* SimpleTextCheckView.swift in Sources */ = {isa = PBXBuildFile; fileRef = 9D2694BD29EDD28500AA6272 /* SimpleTextCheckView.swift */; };
		9D2694C029EDD67400AA6272 /* CreditCheckVM.swift in Sources */ = {isa = PBXBuildFile; fileRef = 9D2694BF29EDD67400AA6272 /* CreditCheckVM.swift */; };
		9D2694C229EDEB6000AA6272 /* CustomNavBar.swift in Sources */ = {isa = PBXBuildFile; fileRef = 9D2694C129EDEB6000AA6272 /* CustomNavBar.swift */; };
		9D2694C429EDEBF600AA6272 /* HomeView.swift in Sources */ = {isa = PBXBuildFile; fileRef = 9D2694C329EDEBF600AA6272 /* HomeView.swift */; };
		9D7C89E629ECDCEB00DA223D /* TextFieldWithIcon.swift in Sources */ = {isa = PBXBuildFile; fileRef = 9D7C89E529ECDCEB00DA223D /* TextFieldWithIcon.swift */; };
		9D7C89E829ECDD2B00DA223D /* Haptic.swift in Sources */ = {isa = PBXBuildFile; fileRef = 9D7C89E729ECDD2B00DA223D /* Haptic.swift */; };
		9D85A07329ED78A5004FEAF3 /* ParticleScene.swift in Sources */ = {isa = PBXBuildFile; fileRef = 9D85A07229ED78A5004FEAF3 /* ParticleScene.swift */; };
		9D9225D729F8451300DF5B77 /* AgentEditProfile.swift in Sources */ = {isa = PBXBuildFile; fileRef = 9D9225D629F8451300DF5B77 /* AgentEditProfile.swift */; };
		9D9225D929F845BD00DF5B77 /* AgentEditProfileVM.swift in Sources */ = {isa = PBXBuildFile; fileRef = 9D9225D829F845BD00DF5B77 /* AgentEditProfileVM.swift */; };
		9D9225DB29F846BA00DF5B77 /* CheckButtonCustom.swift in Sources */ = {isa = PBXBuildFile; fileRef = 9D9225DA29F846BA00DF5B77 /* CheckButtonCustom.swift */; };
		9DB0DB1029F091BD00EB9283 /* PlaidVerifiedView.swift in Sources */ = {isa = PBXBuildFile; fileRef = 9DB0DB0F29F091BD00EB9283 /* PlaidVerifiedView.swift */; };
		9DB1A84729F659680045D9BD /* QRView.swift in Sources */ = {isa = PBXBuildFile; fileRef = 9DB1A84629F659680045D9BD /* QRView.swift */; };
		9DB1A84A29F66AEE0045D9BD /* AgentMainView.swift in Sources */ = {isa = PBXBuildFile; fileRef = 9DB1A84929F66AEE0045D9BD /* AgentMainView.swift */; };
		9DB1A84C29F692190045D9BD /* AgentPropertyItemView.swift in Sources */ = {isa = PBXBuildFile; fileRef = 9DB1A84B29F692190045D9BD /* AgentPropertyItemView.swift */; };
		9DB1A84E29F6926D0045D9BD /* PropertyModel.swift in Sources */ = {isa = PBXBuildFile; fileRef = 9DB1A84D29F6926D0045D9BD /* PropertyModel.swift */; };
		9DB1A85029F692AE0045D9BD /* ItemImageBottomTextView .swift in Sources */ = {isa = PBXBuildFile; fileRef = 9DB1A84F29F692AE0045D9BD /* ItemImageBottomTextView .swift */; };
		9DB1A85229F692D90045D9BD /* TextWithStroke.swift in Sources */ = {isa = PBXBuildFile; fileRef = 9DB1A85129F692D90045D9BD /* TextWithStroke.swift */; };
		9DB1A85429F693220045D9BD /* MockData.swift in Sources */ = {isa = PBXBuildFile; fileRef = 9DB1A85329F693220045D9BD /* MockData.swift */; };
		9DB1A85929F698CB0045D9BD /* AgentApplicationsView.swift in Sources */ = {isa = PBXBuildFile; fileRef = 9DB1A85829F698CB0045D9BD /* AgentApplicationsView.swift */; };
		9DB1A85B29F698EF0045D9BD /* ApplicationsListView.swift in Sources */ = {isa = PBXBuildFile; fileRef = 9DB1A85A29F698EF0045D9BD /* ApplicationsListView.swift */; };
		9DB1A85D29F699450045D9BD /* ApplicationProgress.swift in Sources */ = {isa = PBXBuildFile; fileRef = 9DB1A85C29F699450045D9BD /* ApplicationProgress.swift */; };
		9DB1A85F29F699640045D9BD /* ItemShortInfoView copy.swift in Sources */ = {isa = PBXBuildFile; fileRef = 9DB1A85E29F699640045D9BD /* ItemShortInfoView copy.swift */; };
		9DB1A86229F6A1670045D9BD /* AgentSpecificApplicationView.swift in Sources */ = {isa = PBXBuildFile; fileRef = 9DB1A86129F6A1670045D9BD /* AgentSpecificApplicationView.swift */; };
		9DB1A86529F6F6320045D9BD /* HomeChart.swift in Sources */ = {isa = PBXBuildFile; fileRef = 9DB1A86429F6F6320045D9BD /* HomeChart.swift */; };
/* End PBXBuildFile section */

/* Begin PBXFileReference section */
		2E1DB69E29F6FE2A00A03848 /* PhotoCaptureView.swift */ = {isa = PBXFileReference; lastKnownFileType = sourcecode.swift; path = PhotoCaptureView.swift; sourceTree = "<group>"; };
		2E1DB6A029F7002E00A03848 /* AuthViewModel.swift */ = {isa = PBXFileReference; lastKnownFileType = sourcecode.swift; path = AuthViewModel.swift; sourceTree = "<group>"; };
		2E303C3829F949CF00C93E20 /* NeighborhoodModel.swift */ = {isa = PBXFileReference; lastKnownFileType = sourcecode.swift; path = NeighborhoodModel.swift; sourceTree = "<group>"; };
		2E303C3D29F980FA00C93E20 /* CheckableImageWithTitle.swift */ = {isa = PBXFileReference; lastKnownFileType = sourcecode.swift; path = CheckableImageWithTitle.swift; sourceTree = "<group>"; };
		2E303C4029F998BD00C93E20 /* RenterProfileHelperSubviews.swift */ = {isa = PBXFileReference; lastKnownFileType = sourcecode.swift; path = RenterProfileHelperSubviews.swift; sourceTree = "<group>"; };
		2E3264EE29EDA165000E3435 /* SelectDocumentTypeView.swift */ = {isa = PBXFileReference; lastKnownFileType = sourcecode.swift; path = SelectDocumentTypeView.swift; sourceTree = "<group>"; };
		2E32B9C429EC699000B96558 /* MessageRenterViewModel.swift */ = {isa = PBXFileReference; lastKnownFileType = sourcecode.swift; path = MessageRenterViewModel.swift; sourceTree = "<group>"; };
		2E4BEE1D29F5973B005CD69D /* SupportRenter.swift */ = {isa = PBXFileReference; lastKnownFileType = sourcecode.swift; path = SupportRenter.swift; sourceTree = "<group>"; };
		2E4BEE1F29F5A4C0005CD69D /* LineView.swift */ = {isa = PBXFileReference; lastKnownFileType = sourcecode.swift; path = LineView.swift; sourceTree = "<group>"; };
		2E4BEE2229F5A8FA005CD69D /* MyDocumentsView.swift */ = {isa = PBXFileReference; lastKnownFileType = sourcecode.swift; path = MyDocumentsView.swift; sourceTree = "<group>"; };
		2E63256829F7EC8F004D5AE1 /* RounderShadowModifier.swift */ = {isa = PBXFileReference; lastKnownFileType = sourcecode.swift; path = RounderShadowModifier.swift; sourceTree = "<group>"; };
		2E63256B29F7EF12004D5AE1 /* RenterProfileEditView.swift */ = {isa = PBXFileReference; lastKnownFileType = sourcecode.swift; path = RenterProfileEditView.swift; sourceTree = "<group>"; };
		2E63256D29F7EF2C004D5AE1 /* RenterProfileViewModel.swift */ = {isa = PBXFileReference; lastKnownFileType = sourcecode.swift; path = RenterProfileViewModel.swift; sourceTree = "<group>"; };
		2E6578DC29F5C77E00E53F07 /* MyParticle.sks */ = {isa = PBXFileReference; lastKnownFileType = file.sks; path = MyParticle.sks; sourceTree = "<group>"; };
		2E731CC929FBDD1D000EE348 /* TimePickerUI.swift */ = {isa = PBXFileReference; lastKnownFileType = sourcecode.swift; path = TimePickerUI.swift; sourceTree = "<group>"; };
		2E731CCB29FBE9B1000EE348 /* RenterFilterView.swift */ = {isa = PBXFileReference; lastKnownFileType = sourcecode.swift; path = RenterFilterView.swift; sourceTree = "<group>"; };
		2E731CCE29FBEF84000EE348 /* RenterFilterView_UI.swift */ = {isa = PBXFileReference; lastKnownFileType = sourcecode.swift; path = RenterFilterView_UI.swift; sourceTree = "<group>"; };
		2E781FC429EBAD0700F3C5A9 /* ReZemeUI.app */ = {isa = PBXFileReference; explicitFileType = wrapper.application; includeInIndex = 0; path = ReZemeUI.app; sourceTree = BUILT_PRODUCTS_DIR; };
		2E781FC729EBAD0700F3C5A9 /* ReZemeUIApp.swift */ = {isa = PBXFileReference; lastKnownFileType = sourcecode.swift; path = ReZemeUIApp.swift; sourceTree = "<group>"; };
		2E781FC929EBAD0700F3C5A9 /* ContentView.swift */ = {isa = PBXFileReference; lastKnownFileType = sourcecode.swift; path = ContentView.swift; sourceTree = "<group>"; };
		2E781FCB29EBAD0900F3C5A9 /* Assets.xcassets */ = {isa = PBXFileReference; lastKnownFileType = folder.assetcatalog; path = Assets.xcassets; sourceTree = "<group>"; };
		2E781FCE29EBAD0900F3C5A9 /* Preview Assets.xcassets */ = {isa = PBXFileReference; lastKnownFileType = folder.assetcatalog; path = "Preview Assets.xcassets"; sourceTree = "<group>"; };
		2E781FD729EBADC700F3C5A9 /* CreditCheckView.swift */ = {isa = PBXFileReference; fileEncoding = 4; lastKnownFileType = sourcecode.swift; path = CreditCheckView.swift; sourceTree = "<group>"; };
		2E781FD829EBADC700F3C5A9 /* CongratsView.swift */ = {isa = PBXFileReference; fileEncoding = 4; lastKnownFileType = sourcecode.swift; path = CongratsView.swift; sourceTree = "<group>"; };
		2E781FDA29EBADC700F3C5A9 /* RequestedDocCard.swift */ = {isa = PBXFileReference; fileEncoding = 4; lastKnownFileType = sourcecode.swift; path = RequestedDocCard.swift; sourceTree = "<group>"; };
		2E781FDB29EBADC700F3C5A9 /* AddingInviteEmailCard.swift */ = {isa = PBXFileReference; fileEncoding = 4; lastKnownFileType = sourcecode.swift; path = AddingInviteEmailCard.swift; sourceTree = "<group>"; };
		2E781FDC29EBADC700F3C5A9 /* ContenViewModel.swift */ = {isa = PBXFileReference; fileEncoding = 4; lastKnownFileType = sourcecode.swift; path = ContenViewModel.swift; sourceTree = "<group>"; };
		2E781FDD29EBADC700F3C5A9 /* ApplicationChecklist.swift */ = {isa = PBXFileReference; fileEncoding = 4; lastKnownFileType = sourcecode.swift; path = ApplicationChecklist.swift; sourceTree = "<group>"; };
		2E781FE729EBAE1000F3C5A9 /* FontWithLineHeight.swift */ = {isa = PBXFileReference; fileEncoding = 4; lastKnownFileType = sourcecode.swift; path = FontWithLineHeight.swift; sourceTree = "<group>"; };
		2E781FE929EBAE4A00F3C5A9 /* Fonts.swift */ = {isa = PBXFileReference; fileEncoding = 4; lastKnownFileType = sourcecode.swift; path = Fonts.swift; sourceTree = "<group>"; };
		2E781FEC29EBAF0000F3C5A9 /* Colors.xcassets */ = {isa = PBXFileReference; lastKnownFileType = folder.assetcatalog; path = Colors.xcassets; sourceTree = "<group>"; };
		2E781FED29EBAF0000F3C5A9 /* Color.swift */ = {isa = PBXFileReference; fileEncoding = 4; lastKnownFileType = sourcecode.swift; path = Color.swift; sourceTree = "<group>"; };
		2E781FF129EBAF1F00F3C5A9 /* Poppins-Light.ttf */ = {isa = PBXFileReference; lastKnownFileType = file; path = "Poppins-Light.ttf"; sourceTree = "<group>"; };
		2E781FF229EBAF1F00F3C5A9 /* Poppins-Medium.ttf */ = {isa = PBXFileReference; lastKnownFileType = file; path = "Poppins-Medium.ttf"; sourceTree = "<group>"; };
		2E781FF329EBAF1F00F3C5A9 /* Poppins-ExtraBold.ttf */ = {isa = PBXFileReference; lastKnownFileType = file; path = "Poppins-ExtraBold.ttf"; sourceTree = "<group>"; };
		2E781FF429EBAF1F00F3C5A9 /* Poppins-Regular.ttf */ = {isa = PBXFileReference; lastKnownFileType = file; path = "Poppins-Regular.ttf"; sourceTree = "<group>"; };
		2E781FF529EBAF1F00F3C5A9 /* Poppins-Bold.ttf */ = {isa = PBXFileReference; lastKnownFileType = file; path = "Poppins-Bold.ttf"; sourceTree = "<group>"; };
		2E781FF629EBAF1F00F3C5A9 /* Poppins-SemiBold.ttf */ = {isa = PBXFileReference; lastKnownFileType = file; path = "Poppins-SemiBold.ttf"; sourceTree = "<group>"; };
		2E781FFD29EBB03A00F3C5A9 /* Shadow+.swift */ = {isa = PBXFileReference; fileEncoding = 4; lastKnownFileType = sourcecode.swift; path = "Shadow+.swift"; sourceTree = "<group>"; };
		2E781FFF29EBB05800F3C5A9 /* ColorGradient.swift */ = {isa = PBXFileReference; fileEncoding = 4; lastKnownFileType = sourcecode.swift; path = ColorGradient.swift; sourceTree = "<group>"; };
		2E78200229EBB08000F3C5A9 /* PrimaryTextField.swift */ = {isa = PBXFileReference; fileEncoding = 4; lastKnownFileType = sourcecode.swift; path = PrimaryTextField.swift; sourceTree = "<group>"; };
		2E78200429EBB0AB00F3C5A9 /* CustomAlert.swift */ = {isa = PBXFileReference; fileEncoding = 4; lastKnownFileType = sourcecode.swift; path = CustomAlert.swift; sourceTree = "<group>"; };
		2E78200629EBB0D800F3C5A9 /* CustomCornerRadius.swift */ = {isa = PBXFileReference; fileEncoding = 4; lastKnownFileType = sourcecode.swift; path = CustomCornerRadius.swift; sourceTree = "<group>"; };
		2E78200929EBB13200F3C5A9 /* NavigationNavBar.swift */ = {isa = PBXFileReference; fileEncoding = 4; lastKnownFileType = sourcecode.swift; path = NavigationNavBar.swift; sourceTree = "<group>"; };
		2E78200B29EBB13200F3C5A9 /* NavigationCustomModifier.swift */ = {isa = PBXFileReference; fileEncoding = 4; lastKnownFileType = sourcecode.swift; path = NavigationCustomModifier.swift; sourceTree = "<group>"; };
		2E78200C29EBB13200F3C5A9 /* NavigationLazy.swift */ = {isa = PBXFileReference; fileEncoding = 4; lastKnownFileType = sourcecode.swift; path = NavigationLazy.swift; sourceTree = "<group>"; };
		2E78201229EBB14800F3C5A9 /* Constants.swift */ = {isa = PBXFileReference; fileEncoding = 4; lastKnownFileType = sourcecode.swift; path = Constants.swift; sourceTree = "<group>"; };
		2E78201329EBB14800F3C5A9 /* Enums.swift */ = {isa = PBXFileReference; fileEncoding = 4; lastKnownFileType = sourcecode.swift; path = Enums.swift; sourceTree = "<group>"; };
		2E78201629EBB2A300F3C5A9 /* AsyncImage.swift */ = {isa = PBXFileReference; fileEncoding = 4; lastKnownFileType = sourcecode.swift; path = AsyncImage.swift; sourceTree = "<group>"; };
		2E78201929EBB2C600F3C5A9 /* ImageCache.swift */ = {isa = PBXFileReference; fileEncoding = 4; lastKnownFileType = sourcecode.swift; path = ImageCache.swift; sourceTree = "<group>"; };
		2E78201A29EBB2C600F3C5A9 /* ImageLoader.swift */ = {isa = PBXFileReference; fileEncoding = 4; lastKnownFileType = sourcecode.swift; path = ImageLoader.swift; sourceTree = "<group>"; };
		2E78201B29EBB2C600F3C5A9 /* ImagePicker.swift */ = {isa = PBXFileReference; fileEncoding = 4; lastKnownFileType = sourcecode.swift; path = ImagePicker.swift; sourceTree = "<group>"; };
		2E78201C29EBB2C600F3C5A9 /* EnvironmentValues+ImageCache.swift */ = {isa = PBXFileReference; fileEncoding = 4; lastKnownFileType = sourcecode.swift; path = "EnvironmentValues+ImageCache.swift"; sourceTree = "<group>"; };
		2E78201D29EBB2C600F3C5A9 /* AsyncImageTool.swift */ = {isa = PBXFileReference; fileEncoding = 4; lastKnownFileType = sourcecode.swift; path = AsyncImageTool.swift; sourceTree = "<group>"; };
		2E84CE0229F12E330029FDBD /* ActionButton.swift */ = {isa = PBXFileReference; lastKnownFileType = sourcecode.swift; path = ActionButton.swift; sourceTree = "<group>"; };
		2E84CE0429F548470029FDBD /* SettingsRenter.swift */ = {isa = PBXFileReference; lastKnownFileType = sourcecode.swift; path = SettingsRenter.swift; sourceTree = "<group>"; };
		2E84CE0629F549AF0029FDBD /* ExpandingCell.swift */ = {isa = PBXFileReference; lastKnownFileType = sourcecode.swift; path = ExpandingCell.swift; sourceTree = "<group>"; };
		2E84CE0A29F54DFB0029FDBD /* ButtonMaker.swift */ = {isa = PBXFileReference; lastKnownFileType = sourcecode.swift; path = ButtonMaker.swift; sourceTree = "<group>"; };
		2EB5030629F8A888006FAFE1 /* SavedListingsEmptyView.swift */ = {isa = PBXFileReference; fileEncoding = 4; lastKnownFileType = sourcecode.swift; path = SavedListingsEmptyView.swift; sourceTree = "<group>"; };
		2EB5030729F8A888006FAFE1 /* ApplicationsEmptyView.swift */ = {isa = PBXFileReference; fileEncoding = 4; lastKnownFileType = sourcecode.swift; path = ApplicationsEmptyView.swift; sourceTree = "<group>"; };
		2EC1DD9A29FA712B006DA0BC /* RenterMainExView.swift */ = {isa = PBXFileReference; lastKnownFileType = sourcecode.swift; path = RenterMainExView.swift; sourceTree = "<group>"; };
		2EC1DD9C29FA7DDA006DA0BC /* FilterViewModel.swift */ = {isa = PBXFileReference; lastKnownFileType = sourcecode.swift; path = FilterViewModel.swift; sourceTree = "<group>"; };
		2EC1DD9F29FA934A006DA0BC /* HeaderWithImageTitleTip.swift */ = {isa = PBXFileReference; lastKnownFileType = sourcecode.swift; path = HeaderWithImageTitleTip.swift; sourceTree = "<group>"; };
		2ECE121829FD600C00B60263 /* SavedListingsView.swift */ = {isa = PBXFileReference; lastKnownFileType = sourcecode.swift; path = SavedListingsView.swift; sourceTree = "<group>"; };
		2ECE121B29FD606200B60263 /* SavedItemView.swift */ = {isa = PBXFileReference; lastKnownFileType = sourcecode.swift; path = SavedItemView.swift; sourceTree = "<group>"; };
		2ECE121D29FD609400B60263 /* SavedButton.swift */ = {isa = PBXFileReference; fileEncoding = 4; lastKnownFileType = sourcecode.swift; path = SavedButton.swift; sourceTree = "<group>"; };
		2ECE122029FD67B700B60263 /* RenterDocumentsView.swift */ = {isa = PBXFileReference; lastKnownFileType = sourcecode.swift; path = RenterDocumentsView.swift; sourceTree = "<group>"; };
		2ECE122229FD68D000B60263 /* DocumentItemCell.swift */ = {isa = PBXFileReference; lastKnownFileType = sourcecode.swift; path = DocumentItemCell.swift; sourceTree = "<group>"; };
		2ED7EEBC29F9A46300EBE31C /* RenterPropertyDetailView.swift */ = {isa = PBXFileReference; lastKnownFileType = sourcecode.swift; path = RenterPropertyDetailView.swift; sourceTree = "<group>"; };
		2ED7EEBF29F9A4B200EBE31C /* RenterDetailRemove.swift */ = {isa = PBXFileReference; lastKnownFileType = sourcecode.swift; path = RenterDetailRemove.swift; sourceTree = "<group>"; };
		2EDDF8A429EE2DFC00A07574 /* MeetingAlertView.swift */ = {isa = PBXFileReference; lastKnownFileType = sourcecode.swift; path = MeetingAlertView.swift; sourceTree = "<group>"; };
		2EDDF8A729EE2ED700A07574 /* VisualEffectView.swift */ = {isa = PBXFileReference; lastKnownFileType = sourcecode.swift; path = VisualEffectView.swift; sourceTree = "<group>"; };
		2EDDF8A929EE438D00A07574 /* RenterChatTypesProtocol.swift */ = {isa = PBXFileReference; lastKnownFileType = sourcecode.swift; path = RenterChatTypesProtocol.swift; sourceTree = "<group>"; };
		2EE41D6C29F0B6F200E4B878 /* PhoneNumberView.swift */ = {isa = PBXFileReference; lastKnownFileType = sourcecode.swift; path = PhoneNumberView.swift; sourceTree = "<group>"; };
		2EE41D6E29F0C62300E4B878 /* PinCodeTextField.swift */ = {isa = PBXFileReference; lastKnownFileType = sourcecode.swift; path = PinCodeTextField.swift; sourceTree = "<group>"; };
		2EE41D7029F0C86E00E4B878 /* PinViewModel.swift */ = {isa = PBXFileReference; lastKnownFileType = sourcecode.swift; path = PinViewModel.swift; sourceTree = "<group>"; };
		2EE41D7429F0CB4700E4B878 /* PinCodeView.swift */ = {isa = PBXFileReference; lastKnownFileType = sourcecode.swift; path = PinCodeView.swift; sourceTree = "<group>"; };
		2EEB218529EF6553005D13A7 /* MessageAgent.swift */ = {isa = PBXFileReference; lastKnownFileType = sourcecode.swift; path = MessageAgent.swift; sourceTree = "<group>"; };
		2EEB218729EF65F5005D13A7 /* MessageAgentViewModel.swift */ = {isa = PBXFileReference; lastKnownFileType = sourcecode.swift; path = MessageAgentViewModel.swift; sourceTree = "<group>"; };
		2EEB218B29EF6871005D13A7 /* AgentOfferChat.swift */ = {isa = PBXFileReference; lastKnownFileType = sourcecode.swift; path = AgentOfferChat.swift; sourceTree = "<group>"; };
		2EEB218D29EF6A05005D13A7 /* AgentChatItem.swift */ = {isa = PBXFileReference; lastKnownFileType = sourcecode.swift; path = AgentChatItem.swift; sourceTree = "<group>"; };
		2EEB21E829EF6FF2005D13A7 /* AgentChatTypesProtocol.swift */ = {isa = PBXFileReference; lastKnownFileType = sourcecode.swift; path = AgentChatTypesProtocol.swift; sourceTree = "<group>"; };
		2EEB21EA29EF72A5005D13A7 /* AgentMeetingChat.swift */ = {isa = PBXFileReference; lastKnownFileType = sourcecode.swift; path = AgentMeetingChat.swift; sourceTree = "<group>"; };
		2EEB21EC29EF7410005D13A7 /* AgentAlarmChat.swift */ = {isa = PBXFileReference; lastKnownFileType = sourcecode.swift; path = AgentAlarmChat.swift; sourceTree = "<group>"; };
		2EEED73529EC1D49005AD516 /* MessageRenter.swift */ = {isa = PBXFileReference; fileEncoding = 4; lastKnownFileType = sourcecode.swift; path = MessageRenter.swift; sourceTree = "<group>"; };
		2EEED73729EC1D49005AD516 /* OfferChat.swift */ = {isa = PBXFileReference; fileEncoding = 4; lastKnownFileType = sourcecode.swift; path = OfferChat.swift; sourceTree = "<group>"; };
		2EEED73829EC1D49005AD516 /* MeetingChat.swift */ = {isa = PBXFileReference; fileEncoding = 4; lastKnownFileType = sourcecode.swift; path = MeetingChat.swift; sourceTree = "<group>"; };
		2EEED73929EC1D49005AD516 /* AlarmChat.swift */ = {isa = PBXFileReference; fileEncoding = 4; lastKnownFileType = sourcecode.swift; path = AlarmChat.swift; sourceTree = "<group>"; };
		2EEED73A29EC1D49005AD516 /* ChatTextFiledStyle.swift */ = {isa = PBXFileReference; fileEncoding = 4; lastKnownFileType = sourcecode.swift; path = ChatTextFiledStyle.swift; sourceTree = "<group>"; };
		2EEED73B29EC1D49005AD516 /* ClientChat.swift */ = {isa = PBXFileReference; fileEncoding = 4; lastKnownFileType = sourcecode.swift; path = ClientChat.swift; sourceTree = "<group>"; };
		2EEED73C29EC1D49005AD516 /* UserChat.swift */ = {isa = PBXFileReference; fileEncoding = 4; lastKnownFileType = sourcecode.swift; path = UserChat.swift; sourceTree = "<group>"; };
		2EEED73D29EC1D49005AD516 /* ChatItem.swift */ = {isa = PBXFileReference; fileEncoding = 4; lastKnownFileType = sourcecode.swift; path = ChatItem.swift; sourceTree = "<group>"; };
		2EEED73F29EC1D49005AD516 /* OfferChatModel.swift */ = {isa = PBXFileReference; fileEncoding = 4; lastKnownFileType = sourcecode.swift; path = OfferChatModel.swift; sourceTree = "<group>"; };
		2EEED74029EC1D49005AD516 /* MessageType.swift */ = {isa = PBXFileReference; fileEncoding = 4; lastKnownFileType = sourcecode.swift; path = MessageType.swift; sourceTree = "<group>"; };
		2EEED74B29EC1D62005AD516 /* MockDataRenter.swift */ = {isa = PBXFileReference; fileEncoding = 4; lastKnownFileType = sourcecode.swift; path = MockDataRenter.swift; sourceTree = "<group>"; };
		2EEED74D29EC1DC3005AD516 /* Formatting.swift */ = {isa = PBXFileReference; fileEncoding = 4; lastKnownFileType = sourcecode.swift; path = Formatting.swift; sourceTree = "<group>"; };
		2EEED74F29EC1E15005AD516 /* KeyboardHeightHelper.swift */ = {isa = PBXFileReference; fileEncoding = 4; lastKnownFileType = sourcecode.swift; path = KeyboardHeightHelper.swift; sourceTree = "<group>"; };
		2EF7741C29EDB2CF00AA7D5C /* SelectDocSheetView.swift */ = {isa = PBXFileReference; lastKnownFileType = sourcecode.swift; path = SelectDocSheetView.swift; sourceTree = "<group>"; };
		2EF7741E29EDB58200AA7D5C /* UploadFileView.swift */ = {isa = PBXFileReference; lastKnownFileType = sourcecode.swift; path = UploadFileView.swift; sourceTree = "<group>"; };
		2EF7742029EDC79700AA7D5C /* UploadFileSheetView.swift */ = {isa = PBXFileReference; lastKnownFileType = sourcecode.swift; path = UploadFileSheetView.swift; sourceTree = "<group>"; };
		2EF7742229EDC86300AA7D5C /* FileModel.swift */ = {isa = PBXFileReference; lastKnownFileType = sourcecode.swift; path = FileModel.swift; sourceTree = "<group>"; };
		2EF7742629EDD24A00AA7D5C /* MeetingTypeAlert.swift */ = {isa = PBXFileReference; lastKnownFileType = sourcecode.swift; path = MeetingTypeAlert.swift; sourceTree = "<group>"; };
		9D141DD829F94F6100CA6E23 /* AgentPhoneNumberView.swift */ = {isa = PBXFileReference; lastKnownFileType = sourcecode.swift; path = AgentPhoneNumberView.swift; sourceTree = "<group>"; };
		9D141DDA29F952B700CA6E23 /* AgentPinCodeView.swift */ = {isa = PBXFileReference; lastKnownFileType = sourcecode.swift; path = AgentPinCodeView.swift; sourceTree = "<group>"; };
		9D141DDD29F9567E00CA6E23 /* AgentProStatisticView.swift */ = {isa = PBXFileReference; lastKnownFileType = sourcecode.swift; path = AgentProStatisticView.swift; sourceTree = "<group>"; };
		9D141DDF29F9618F00CA6E23 /* LineChart.swift */ = {isa = PBXFileReference; lastKnownFileType = sourcecode.swift; path = LineChart.swift; sourceTree = "<group>"; };
		9D141DE329F99B2000CA6E23 /* AgentNotificationView.swift */ = {isa = PBXFileReference; lastKnownFileType = sourcecode.swift; path = AgentNotificationView.swift; sourceTree = "<group>"; };
		9D2694BD29EDD28500AA6272 /* SimpleTextCheckView.swift */ = {isa = PBXFileReference; fileEncoding = 4; lastKnownFileType = sourcecode.swift; path = SimpleTextCheckView.swift; sourceTree = "<group>"; };
		9D2694BF29EDD67400AA6272 /* CreditCheckVM.swift */ = {isa = PBXFileReference; lastKnownFileType = sourcecode.swift; path = CreditCheckVM.swift; sourceTree = "<group>"; };
		9D2694C129EDEB6000AA6272 /* CustomNavBar.swift */ = {isa = PBXFileReference; fileEncoding = 4; lastKnownFileType = sourcecode.swift; path = CustomNavBar.swift; sourceTree = "<group>"; };
		9D2694C329EDEBF600AA6272 /* HomeView.swift */ = {isa = PBXFileReference; lastKnownFileType = sourcecode.swift; path = HomeView.swift; sourceTree = "<group>"; };
		9D7C89E529ECDCEB00DA223D /* TextFieldWithIcon.swift */ = {isa = PBXFileReference; fileEncoding = 4; lastKnownFileType = sourcecode.swift; path = TextFieldWithIcon.swift; sourceTree = "<group>"; };
		9D7C89E729ECDD2B00DA223D /* Haptic.swift */ = {isa = PBXFileReference; fileEncoding = 4; lastKnownFileType = sourcecode.swift; path = Haptic.swift; sourceTree = "<group>"; };
		9D85A07229ED78A5004FEAF3 /* ParticleScene.swift */ = {isa = PBXFileReference; lastKnownFileType = sourcecode.swift; path = ParticleScene.swift; sourceTree = "<group>"; };
		9D9225D629F8451300DF5B77 /* AgentEditProfile.swift */ = {isa = PBXFileReference; lastKnownFileType = sourcecode.swift; path = AgentEditProfile.swift; sourceTree = "<group>"; };
		9D9225D829F845BD00DF5B77 /* AgentEditProfileVM.swift */ = {isa = PBXFileReference; lastKnownFileType = sourcecode.swift; path = AgentEditProfileVM.swift; sourceTree = "<group>"; };
		9D9225DA29F846BA00DF5B77 /* CheckButtonCustom.swift */ = {isa = PBXFileReference; fileEncoding = 4; lastKnownFileType = sourcecode.swift; path = CheckButtonCustom.swift; sourceTree = "<group>"; };
		9DB0DB0F29F091BD00EB9283 /* PlaidVerifiedView.swift */ = {isa = PBXFileReference; lastKnownFileType = sourcecode.swift; path = PlaidVerifiedView.swift; sourceTree = "<group>"; };
		9DB1A84629F659680045D9BD /* QRView.swift */ = {isa = PBXFileReference; lastKnownFileType = sourcecode.swift; path = QRView.swift; sourceTree = "<group>"; };
		9DB1A84929F66AEE0045D9BD /* AgentMainView.swift */ = {isa = PBXFileReference; lastKnownFileType = sourcecode.swift; path = AgentMainView.swift; sourceTree = "<group>"; };
		9DB1A84B29F692190045D9BD /* AgentPropertyItemView.swift */ = {isa = PBXFileReference; fileEncoding = 4; lastKnownFileType = sourcecode.swift; path = AgentPropertyItemView.swift; sourceTree = "<group>"; };
		9DB1A84D29F6926D0045D9BD /* PropertyModel.swift */ = {isa = PBXFileReference; fileEncoding = 4; lastKnownFileType = sourcecode.swift; path = PropertyModel.swift; sourceTree = "<group>"; };
		9DB1A84F29F692AE0045D9BD /* ItemImageBottomTextView .swift */ = {isa = PBXFileReference; fileEncoding = 4; lastKnownFileType = sourcecode.swift; path = "ItemImageBottomTextView .swift"; sourceTree = "<group>"; };
		9DB1A85129F692D90045D9BD /* TextWithStroke.swift */ = {isa = PBXFileReference; fileEncoding = 4; lastKnownFileType = sourcecode.swift; path = TextWithStroke.swift; sourceTree = "<group>"; };
		9DB1A85329F693220045D9BD /* MockData.swift */ = {isa = PBXFileReference; fileEncoding = 4; lastKnownFileType = sourcecode.swift; path = MockData.swift; sourceTree = "<group>"; };
		9DB1A85829F698CB0045D9BD /* AgentApplicationsView.swift */ = {isa = PBXFileReference; lastKnownFileType = sourcecode.swift; path = AgentApplicationsView.swift; sourceTree = "<group>"; };
		9DB1A85A29F698EF0045D9BD /* ApplicationsListView.swift */ = {isa = PBXFileReference; fileEncoding = 4; lastKnownFileType = sourcecode.swift; path = ApplicationsListView.swift; sourceTree = "<group>"; };
		9DB1A85C29F699450045D9BD /* ApplicationProgress.swift */ = {isa = PBXFileReference; fileEncoding = 4; lastKnownFileType = sourcecode.swift; path = ApplicationProgress.swift; sourceTree = "<group>"; };
		9DB1A85E29F699640045D9BD /* ItemShortInfoView copy.swift */ = {isa = PBXFileReference; fileEncoding = 4; lastKnownFileType = sourcecode.swift; path = "ItemShortInfoView copy.swift"; sourceTree = "<group>"; };
		9DB1A86129F6A1670045D9BD /* AgentSpecificApplicationView.swift */ = {isa = PBXFileReference; lastKnownFileType = sourcecode.swift; path = AgentSpecificApplicationView.swift; sourceTree = "<group>"; };
		9DB1A86429F6F6320045D9BD /* HomeChart.swift */ = {isa = PBXFileReference; fileEncoding = 4; lastKnownFileType = sourcecode.swift; path = HomeChart.swift; sourceTree = "<group>"; };
/* End PBXFileReference section */

/* Begin PBXFrameworksBuildPhase section */
		2E781FC129EBAD0700F3C5A9 /* Frameworks */ = {
			isa = PBXFrameworksBuildPhase;
			buildActionMask = 2147483647;
			files = (
			);
			runOnlyForDeploymentPostprocessing = 0;
		};
/* End PBXFrameworksBuildPhase section */

/* Begin PBXGroup section */
		2E303C3729F949B500C93E20 /* Model */ = {
			isa = PBXGroup;
			children = (
				2E303C3829F949CF00C93E20 /* NeighborhoodModel.swift */,
			);
			path = Model;
			sourceTree = "<group>";
		};
		2E303C3C29F96FCF00C93E20 /* Helpers */ = {
			isa = PBXGroup;
			children = (
				2E78201129EBB14800F3C5A9 /* Constants */,
			);
			path = Helpers;
			sourceTree = "<group>";
		};
		2E303C3F29F998A600C93E20 /* Helpers */ = {
			isa = PBXGroup;
			children = (
				2E303C4029F998BD00C93E20 /* RenterProfileHelperSubviews.swift */,
			);
			path = Helpers;
			sourceTree = "<group>";
		};
		2E3264ED29EDA13C000E3435 /* Subviews */ = {
			isa = PBXGroup;
			children = (
				2E3264EE29EDA165000E3435 /* SelectDocumentTypeView.swift */,
				2EF7741E29EDB58200AA7D5C /* UploadFileView.swift */,
				2EF7742629EDD24A00AA7D5C /* MeetingTypeAlert.swift */,
			);
			path = Subviews;
			sourceTree = "<group>";
		};
		2E4BEE1C29F59725005CD69D /* Support */ = {
			isa = PBXGroup;
			children = (
				2E4BEE1D29F5973B005CD69D /* SupportRenter.swift */,
			);
			path = Support;
			sourceTree = "<group>";
		};
		2E4BEE2129F5A8DB005CD69D /* MyDocuments */ = {
			isa = PBXGroup;
			children = (
				2E4BEE2229F5A8FA005CD69D /* MyDocumentsView.swift */,
			);
			path = MyDocuments;
			sourceTree = "<group>";
		};
		2E63256A29F7EEBE004D5AE1 /* Profile */ = {
			isa = PBXGroup;
			children = (
				2E63256B29F7EF12004D5AE1 /* RenterProfileEditView.swift */,
				2E63256D29F7EF2C004D5AE1 /* RenterProfileViewModel.swift */,
				2E303C3F29F998A600C93E20 /* Helpers */,
				2E303C3729F949B500C93E20 /* Model */,
			);
			path = Profile;
			sourceTree = "<group>";
		};
		2E731CCD29FBEF47000EE348 /* Filter */ = {
			isa = PBXGroup;
			children = (
				2E731CCB29FBE9B1000EE348 /* RenterFilterView.swift */,
				2EC1DD9C29FA7DDA006DA0BC /* FilterViewModel.swift */,
				2EC1DD9E29FA9333006DA0BC /* UIComponents */,
			);
			path = Filter;
			sourceTree = "<group>";
		};
		2E781FBB29EBAD0700F3C5A9 = {
			isa = PBXGroup;
			children = (
				2E781FC629EBAD0700F3C5A9 /* ReZemeUI */,
				2E781FC529EBAD0700F3C5A9 /* Products */,
			);
			sourceTree = "<group>";
		};
		2E781FC529EBAD0700F3C5A9 /* Products */ = {
			isa = PBXGroup;
			children = (
				2E781FC429EBAD0700F3C5A9 /* ReZemeUI.app */,
			);
			name = Products;
			sourceTree = "<group>";
		};
		2E781FC629EBAD0700F3C5A9 /* ReZemeUI */ = {
			isa = PBXGroup;
			children = (
				2E781FC729EBAD0700F3C5A9 /* ReZemeUIApp.swift */,
				2E781FC929EBAD0700F3C5A9 /* ContentView.swift */,
				2E781FD629EBADC700F3C5A9 /* ApplicationChecklist */,
				9DB1A84529F659490045D9BD /* QR */,
				9DB1A85729F698AF0045D9BD /* AgentApplications */,
				9DB1A86029F6A10B0045D9BD /* AgentSpecificApplication */,
				9DB1A84829F66A150045D9BD /* AgentMainViewWithFilter */,
				2EEED73429EC1D49005AD516 /* RenterMessage */,
				2EEB218429EF6503005D13A7 /* AgentMessage */,
				9D9225D529F844FD00DF5B77 /* AgentEditProfile */,
				9D141DD729F94F3900CA6E23 /* Agent Auth */,
				9D141DE229F99B0100CA6E23 /* AgentNotification */,
				9D141DDC29F9565400CA6E23 /* AgentProperyStatistics */,
				2EE41D6B29F0B69E00E4B878 /* Auth */,
				2E84CDFE29F12CF70029FDBD /* Setting */,
				2E4BEE1C29F59725005CD69D /* Support */,
				2E63256A29F7EEBE004D5AE1 /* Profile */,
				2E4BEE2129F5A8DB005CD69D /* MyDocuments */,
				2EB5030529F8A888006FAFE1 /* EmptyViews */,
				2ED7EEBB29F9A44F00EBE31C /* RenterPropertyDetail */,
				2EC1DD9929FA7108006DA0BC /* Filter */,
				2ECE121729FD5FC600B60263 /* SavedListings */,
				2ECE121F29FD67A100B60263 /* RenterDocuments */,
				2E84CDFF29F12D160029FDBD /* UIComponents */,
				2E6578DC29F5C77E00E53F07 /* MyParticle.sks */,
				2EEED74B29EC1D62005AD516 /* MockDataRenter.swift */,
				2EDDF8A629EE2EC000A07574 /* NotChangableJustForHelp */,
				2E781FCD29EBAD0900F3C5A9 /* Preview Content */,
			);
			path = ReZemeUI;
			sourceTree = "<group>";
		};
		2E781FCD29EBAD0900F3C5A9 /* Preview Content */ = {
			isa = PBXGroup;
			children = (
				2E781FCE29EBAD0900F3C5A9 /* Preview Assets.xcassets */,
			);
			path = "Preview Content";
			sourceTree = "<group>";
		};
		2E781FD629EBADC700F3C5A9 /* ApplicationChecklist */ = {
			isa = PBXGroup;
			children = (
				2E781FDD29EBADC700F3C5A9 /* ApplicationChecklist.swift */,
				2E781FD729EBADC700F3C5A9 /* CreditCheckView.swift */,
				9D2694BF29EDD67400AA6272 /* CreditCheckVM.swift */,
				2E781FD829EBADC700F3C5A9 /* CongratsView.swift */,
				9D2694C329EDEBF600AA6272 /* HomeView.swift */,
				2E781FD929EBADC700F3C5A9 /* Components */,
			);
			path = ApplicationChecklist;
			sourceTree = "<group>";
		};
		2E781FD929EBADC700F3C5A9 /* Components */ = {
			isa = PBXGroup;
			children = (
				2E781FDA29EBADC700F3C5A9 /* RequestedDocCard.swift */,
				2E781FDB29EBADC700F3C5A9 /* AddingInviteEmailCard.swift */,
				2E781FDC29EBADC700F3C5A9 /* ContenViewModel.swift */,
				9D85A07229ED78A5004FEAF3 /* ParticleScene.swift */,
				9DB0DB0F29F091BD00EB9283 /* PlaidVerifiedView.swift */,
				2E1DB69E29F6FE2A00A03848 /* PhotoCaptureView.swift */,
			);
			path = Components;
			sourceTree = "<group>";
		};
		2E781FE629EBAE0100F3C5A9 /* Helpers */ = {
			isa = PBXGroup;
			children = (
				2EEED74F29EC1E15005AD516 /* KeyboardHeightHelper.swift */,
				2EEED74D29EC1DC3005AD516 /* Formatting.swift */,
				9D2694BD29EDD28500AA6272 /* SimpleTextCheckView.swift */,
				2E781FFD29EBB03A00F3C5A9 /* Shadow+.swift */,
				2E781FE729EBAE1000F3C5A9 /* FontWithLineHeight.swift */,
				2E781FE929EBAE4A00F3C5A9 /* Fonts.swift */,
				2E78200629EBB0D800F3C5A9 /* CustomCornerRadius.swift */,
				2E78201629EBB2A300F3C5A9 /* AsyncImage.swift */,
				2E78200129EBB07100F3C5A9 /* UIComponents */,
				2E78201829EBB2C600F3C5A9 /* ImageManager */,
				2E781FF029EBAF1F00F3C5A9 /* Fonts */,
				2E781FEB29EBAF0000F3C5A9 /* Colors */,
			);
			path = Helpers;
			sourceTree = "<group>";
		};
		2E781FEB29EBAF0000F3C5A9 /* Colors */ = {
			isa = PBXGroup;
			children = (
				2E781FFF29EBB05800F3C5A9 /* ColorGradient.swift */,
				2E781FED29EBAF0000F3C5A9 /* Color.swift */,
			);
			path = Colors;
			sourceTree = "<group>";
		};
		2E781FF029EBAF1F00F3C5A9 /* Fonts */ = {
			isa = PBXGroup;
			children = (
				2E781FF129EBAF1F00F3C5A9 /* Poppins-Light.ttf */,
				2E781FF229EBAF1F00F3C5A9 /* Poppins-Medium.ttf */,
				2E781FF329EBAF1F00F3C5A9 /* Poppins-ExtraBold.ttf */,
				2E781FF429EBAF1F00F3C5A9 /* Poppins-Regular.ttf */,
				2E781FF529EBAF1F00F3C5A9 /* Poppins-Bold.ttf */,
				2E781FF629EBAF1F00F3C5A9 /* Poppins-SemiBold.ttf */,
			);
			path = Fonts;
			sourceTree = "<group>";
		};
		2E78200129EBB07100F3C5A9 /* UIComponents */ = {
			isa = PBXGroup;
			children = (
				9D2694C129EDEB6000AA6272 /* CustomNavBar.swift */,
				9D7C89E729ECDD2B00DA223D /* Haptic.swift */,
				9D7C89E529ECDCEB00DA223D /* TextFieldWithIcon.swift */,
				2E78200429EBB0AB00F3C5A9 /* CustomAlert.swift */,
				2E78200229EBB08000F3C5A9 /* PrimaryTextField.swift */,
			);
			path = UIComponents;
			sourceTree = "<group>";
		};
		2E78200829EBB13200F3C5A9 /* Navigation */ = {
			isa = PBXGroup;
			children = (
				2E78200929EBB13200F3C5A9 /* NavigationNavBar.swift */,
				2E78200B29EBB13200F3C5A9 /* NavigationCustomModifier.swift */,
				2E78200C29EBB13200F3C5A9 /* NavigationLazy.swift */,
			);
			path = Navigation;
			sourceTree = "<group>";
		};
		2E78201129EBB14800F3C5A9 /* Constants */ = {
			isa = PBXGroup;
			children = (
				2E78201229EBB14800F3C5A9 /* Constants.swift */,
				2E78201329EBB14800F3C5A9 /* Enums.swift */,
			);
			path = Constants;
			sourceTree = "<group>";
		};
		2E78201829EBB2C600F3C5A9 /* ImageManager */ = {
			isa = PBXGroup;
			children = (
				2E78201929EBB2C600F3C5A9 /* ImageCache.swift */,
				2E78201A29EBB2C600F3C5A9 /* ImageLoader.swift */,
				2E78201B29EBB2C600F3C5A9 /* ImagePicker.swift */,
				2E78201C29EBB2C600F3C5A9 /* EnvironmentValues+ImageCache.swift */,
				2E78201D29EBB2C600F3C5A9 /* AsyncImageTool.swift */,
			);
			path = ImageManager;
			sourceTree = "<group>";
		};
		2E84CDFE29F12CF70029FDBD /* Setting */ = {
			isa = PBXGroup;
			children = (
				2E84CE0429F548470029FDBD /* SettingsRenter.swift */,
			);
			path = Setting;
			sourceTree = "<group>";
		};
		2E84CDFF29F12D160029FDBD /* UIComponents */ = {
			isa = PBXGroup;
			children = (
				2E84CE0029F12D230029FDBD /* Merged */,
				2E84CE0129F12D300029FDBD /* New */,
			);
			path = UIComponents;
			sourceTree = "<group>";
		};
		2E84CE0029F12D230029FDBD /* Merged */ = {
			isa = PBXGroup;
			children = (
			);
			path = Merged;
			sourceTree = "<group>";
		};
		2E84CE0129F12D300029FDBD /* New */ = {
			isa = PBXGroup;
			children = (
				2E781FEC29EBAF0000F3C5A9 /* Colors.xcassets */,
				2E781FCB29EBAD0900F3C5A9 /* Assets.xcassets */,
				2E84CE0229F12E330029FDBD /* ActionButton.swift */,
				2E84CE0629F549AF0029FDBD /* ExpandingCell.swift */,
				2E303C3D29F980FA00C93E20 /* CheckableImageWithTitle.swift */,
				2E84CE0A29F54DFB0029FDBD /* ButtonMaker.swift */,
				2E4BEE1F29F5A4C0005CD69D /* LineView.swift */,
				2E63256829F7EC8F004D5AE1 /* RounderShadowModifier.swift */,
				2E731CC929FBDD1D000EE348 /* TimePickerUI.swift */,
				2ECE122229FD68D000B60263 /* DocumentItemCell.swift */,
				2E78200829EBB13200F3C5A9 /* Navigation */,
				2E303C3C29F96FCF00C93E20 /* Helpers */,
			);
			path = New;
			sourceTree = "<group>";
		};
		2EB5030529F8A888006FAFE1 /* EmptyViews */ = {
			isa = PBXGroup;
			children = (
				2EB5030629F8A888006FAFE1 /* SavedListingsEmptyView.swift */,
				2EB5030729F8A888006FAFE1 /* ApplicationsEmptyView.swift */,
			);
			path = EmptyViews;
			sourceTree = "<group>";
		};
		2EC1DD9929FA7108006DA0BC /* Filter */ = {
			isa = PBXGroup;
			children = (
				2EC1DD9A29FA712B006DA0BC /* RenterMainExView.swift */,
				2E731CCD29FBEF47000EE348 /* Filter */,
			);
			path = Filter;
			sourceTree = "<group>";
		};
		2EC1DD9E29FA9333006DA0BC /* UIComponents */ = {
			isa = PBXGroup;
			children = (
				2EC1DD9F29FA934A006DA0BC /* HeaderWithImageTitleTip.swift */,
				2E731CCE29FBEF84000EE348 /* RenterFilterView_UI.swift */,
			);
			path = UIComponents;
			sourceTree = "<group>";
		};
		2ECE121729FD5FC600B60263 /* SavedListings */ = {
			isa = PBXGroup;
			children = (
				2ECE121829FD600C00B60263 /* SavedListingsView.swift */,
				2ECE121A29FD604100B60263 /* UIComponents */,
			);
			path = SavedListings;
			sourceTree = "<group>";
		};
		2ECE121A29FD604100B60263 /* UIComponents */ = {
			isa = PBXGroup;
			children = (
				2ECE121B29FD606200B60263 /* SavedItemView.swift */,
				2ECE121D29FD609400B60263 /* SavedButton.swift */,
			);
			path = UIComponents;
			sourceTree = "<group>";
		};
		2ECE121F29FD67A100B60263 /* RenterDocuments */ = {
			isa = PBXGroup;
			children = (
				2ECE122029FD67B700B60263 /* RenterDocumentsView.swift */,
			);
			path = RenterDocuments;
			sourceTree = "<group>";
		};
		2ED7EEBB29F9A44F00EBE31C /* RenterPropertyDetail */ = {
			isa = PBXGroup;
			children = (
				2ED7EEBE29F9A49A00EBE31C /* NeedToRemoveBeforeMerge */,
				2ED7EEBC29F9A46300EBE31C /* RenterPropertyDetailView.swift */,
			);
			path = RenterPropertyDetail;
			sourceTree = "<group>";
		};
		2ED7EEBE29F9A49A00EBE31C /* NeedToRemoveBeforeMerge */ = {
			isa = PBXGroup;
			children = (
				2ED7EEBF29F9A4B200EBE31C /* RenterDetailRemove.swift */,
			);
			path = NeedToRemoveBeforeMerge;
			sourceTree = "<group>";
		};
		2EDDF8A629EE2EC000A07574 /* NotChangableJustForHelp */ = {
			isa = PBXGroup;
			children = (
				2EDDF8A729EE2ED700A07574 /* VisualEffectView.swift */,
				2E781FE629EBAE0100F3C5A9 /* Helpers */,
			);
			path = NotChangableJustForHelp;
			sourceTree = "<group>";
		};
		2EE41D6B29F0B69E00E4B878 /* Auth */ = {
			isa = PBXGroup;
			children = (
				2EE41D6C29F0B6F200E4B878 /* PhoneNumberView.swift */,
				2E1DB6A029F7002E00A03848 /* AuthViewModel.swift */,
				2EE41D7229F0CA6300E4B878 /* PinCode */,
			);
			path = Auth;
			sourceTree = "<group>";
		};
		2EE41D7229F0CA6300E4B878 /* PinCode */ = {
			isa = PBXGroup;
			children = (
				2EE41D7429F0CB4700E4B878 /* PinCodeView.swift */,
				2EE41D7329F0CB2300E4B878 /* UIComponents */,
			);
			path = PinCode;
			sourceTree = "<group>";
		};
		2EE41D7329F0CB2300E4B878 /* UIComponents */ = {
			isa = PBXGroup;
			children = (
				2EE41D7029F0C86E00E4B878 /* PinViewModel.swift */,
				2EE41D6E29F0C62300E4B878 /* PinCodeTextField.swift */,
			);
			path = UIComponents;
			sourceTree = "<group>";
		};
		2EEB218429EF6503005D13A7 /* AgentMessage */ = {
			isa = PBXGroup;
			children = (
				2EEB218529EF6553005D13A7 /* MessageAgent.swift */,
				2EEB218729EF65F5005D13A7 /* MessageAgentViewModel.swift */,
				2EEB218929EF67F6005D13A7 /* UIComponents */,
				2EEB21E729EF6FD1005D13A7 /* Model */,
			);
			path = AgentMessage;
			sourceTree = "<group>";
		};
		2EEB218929EF67F6005D13A7 /* UIComponents */ = {
			isa = PBXGroup;
			children = (
				2EEB218B29EF6871005D13A7 /* AgentOfferChat.swift */,
				2EEB218D29EF6A05005D13A7 /* AgentChatItem.swift */,
				2EEB21EC29EF7410005D13A7 /* AgentAlarmChat.swift */,
				2EEB21EA29EF72A5005D13A7 /* AgentMeetingChat.swift */,
			);
			path = UIComponents;
			sourceTree = "<group>";
		};
		2EEB21E729EF6FD1005D13A7 /* Model */ = {
			isa = PBXGroup;
			children = (
				2EEB21E829EF6FF2005D13A7 /* AgentChatTypesProtocol.swift */,
			);
			path = Model;
			sourceTree = "<group>";
		};
		2EEED73429EC1D49005AD516 /* RenterMessage */ = {
			isa = PBXGroup;
			children = (
				2EEED73529EC1D49005AD516 /* MessageRenter.swift */,
				2E32B9C429EC699000B96558 /* MessageRenterViewModel.swift */,
				2EEED73629EC1D49005AD516 /* UIComponents */,
				2E3264ED29EDA13C000E3435 /* Subviews */,
				2EF7741B29EDB27600AA7D5C /* Sheet&AlertViews */,
				2EEED73E29EC1D49005AD516 /* Model */,
			);
			path = RenterMessage;
			sourceTree = "<group>";
		};
		2EEED73629EC1D49005AD516 /* UIComponents */ = {
			isa = PBXGroup;
			children = (
				2EEED73729EC1D49005AD516 /* OfferChat.swift */,
				2EEED73829EC1D49005AD516 /* MeetingChat.swift */,
				2EEED73929EC1D49005AD516 /* AlarmChat.swift */,
				2EEED73A29EC1D49005AD516 /* ChatTextFiledStyle.swift */,
				2EEED73B29EC1D49005AD516 /* ClientChat.swift */,
				2EEED73C29EC1D49005AD516 /* UserChat.swift */,
				2EEED73D29EC1D49005AD516 /* ChatItem.swift */,
			);
			path = UIComponents;
			sourceTree = "<group>";
		};
		2EEED73E29EC1D49005AD516 /* Model */ = {
			isa = PBXGroup;
			children = (
				2EDDF8A929EE438D00A07574 /* RenterChatTypesProtocol.swift */,
				2EEED73F29EC1D49005AD516 /* OfferChatModel.swift */,
				2EEED74029EC1D49005AD516 /* MessageType.swift */,
				2EF7742229EDC86300AA7D5C /* FileModel.swift */,
			);
			path = Model;
			sourceTree = "<group>";
		};
		2EF7741B29EDB27600AA7D5C /* Sheet&AlertViews */ = {
			isa = PBXGroup;
			children = (
				2EF7741C29EDB2CF00AA7D5C /* SelectDocSheetView.swift */,
				2EF7742029EDC79700AA7D5C /* UploadFileSheetView.swift */,
				2EDDF8A429EE2DFC00A07574 /* MeetingAlertView.swift */,
			);
			path = "Sheet&AlertViews";
			sourceTree = "<group>";
		};
		9D141DD729F94F3900CA6E23 /* Agent Auth */ = {
			isa = PBXGroup;
			children = (
				9D141DD829F94F6100CA6E23 /* AgentPhoneNumberView.swift */,
				9D141DDA29F952B700CA6E23 /* AgentPinCodeView.swift */,
			);
			path = "Agent Auth";
			sourceTree = "<group>";
		};
		9D141DDC29F9565400CA6E23 /* AgentProperyStatistics */ = {
			isa = PBXGroup;
			children = (
				9D141DDD29F9567E00CA6E23 /* AgentProStatisticView.swift */,
				9D141DDF29F9618F00CA6E23 /* LineChart.swift */,
			);
			path = AgentProperyStatistics;
			sourceTree = "<group>";
		};
		9D141DE229F99B0100CA6E23 /* AgentNotification */ = {
			isa = PBXGroup;
			children = (
				9D141DE329F99B2000CA6E23 /* AgentNotificationView.swift */,
			);
			path = AgentNotification;
			sourceTree = "<group>";
		};
		9D9225D529F844FD00DF5B77 /* AgentEditProfile */ = {
			isa = PBXGroup;
			children = (
				9D9225D629F8451300DF5B77 /* AgentEditProfile.swift */,
				9D9225D829F845BD00DF5B77 /* AgentEditProfileVM.swift */,
				9D9225DA29F846BA00DF5B77 /* CheckButtonCustom.swift */,
			);
			path = AgentEditProfile;
			sourceTree = "<group>";
		};
		9DB1A84529F659490045D9BD /* QR */ = {
			isa = PBXGroup;
			children = (
				9DB1A84629F659680045D9BD /* QRView.swift */,
			);
			path = QR;
			sourceTree = "<group>";
		};
		9DB1A84829F66A150045D9BD /* AgentMainViewWithFilter */ = {
			isa = PBXGroup;
			children = (
				9DB1A84929F66AEE0045D9BD /* AgentMainView.swift */,
				9DB1A85629F6958D0045D9BD /* Model */,
				9DB1A85529F6957D0045D9BD /* UIComponents */,
			);
			path = AgentMainViewWithFilter;
			sourceTree = "<group>";
		};
		9DB1A85529F6957D0045D9BD /* UIComponents */ = {
			isa = PBXGroup;
			children = (
				9DB1A84B29F692190045D9BD /* AgentPropertyItemView.swift */,
				9DB1A85329F693220045D9BD /* MockData.swift */,
				9DB1A84F29F692AE0045D9BD /* ItemImageBottomTextView .swift */,
				9DB1A85129F692D90045D9BD /* TextWithStroke.swift */,
			);
			path = UIComponents;
			sourceTree = "<group>";
		};
		9DB1A85629F6958D0045D9BD /* Model */ = {
			isa = PBXGroup;
			children = (
				9DB1A84D29F6926D0045D9BD /* PropertyModel.swift */,
			);
			path = Model;
			sourceTree = "<group>";
		};
		9DB1A85729F698AF0045D9BD /* AgentApplications */ = {
			isa = PBXGroup;
			children = (
				9DB1A85829F698CB0045D9BD /* AgentApplicationsView.swift */,
				9DB1A85A29F698EF0045D9BD /* ApplicationsListView.swift */,
				9DB1A85E29F699640045D9BD /* ItemShortInfoView copy.swift */,
				9DB1A85C29F699450045D9BD /* ApplicationProgress.swift */,
			);
			path = AgentApplications;
			sourceTree = "<group>";
		};
		9DB1A86029F6A10B0045D9BD /* AgentSpecificApplication */ = {
			isa = PBXGroup;
			children = (
				9DB1A86129F6A1670045D9BD /* AgentSpecificApplicationView.swift */,
				9DB1A86429F6F6320045D9BD /* HomeChart.swift */,
			);
			path = AgentSpecificApplication;
			sourceTree = "<group>";
		};
/* End PBXGroup section */

/* Begin PBXNativeTarget section */
		2E781FC329EBAD0700F3C5A9 /* ReZemeUI */ = {
			isa = PBXNativeTarget;
			buildConfigurationList = 2E781FD229EBAD0900F3C5A9 /* Build configuration list for PBXNativeTarget "ReZemeUI" */;
			buildPhases = (
				2E781FC029EBAD0700F3C5A9 /* Sources */,
				2E781FC129EBAD0700F3C5A9 /* Frameworks */,
				2E781FC229EBAD0700F3C5A9 /* Resources */,
			);
			buildRules = (
			);
			dependencies = (
			);
			name = ReZemeUI;
			productName = ReZemeUI;
			productReference = 2E781FC429EBAD0700F3C5A9 /* ReZemeUI.app */;
			productType = "com.apple.product-type.application";
		};
/* End PBXNativeTarget section */

/* Begin PBXProject section */
		2E781FBC29EBAD0700F3C5A9 /* Project object */ = {
			isa = PBXProject;
			attributes = {
				BuildIndependentTargetsInParallel = 1;
				LastSwiftUpdateCheck = 1430;
				LastUpgradeCheck = 1430;
				TargetAttributes = {
					2E781FC329EBAD0700F3C5A9 = {
						CreatedOnToolsVersion = 14.3;
					};
				};
			};
			buildConfigurationList = 2E781FBF29EBAD0700F3C5A9 /* Build configuration list for PBXProject "ReZemeUI" */;
			compatibilityVersion = "Xcode 14.0";
			developmentRegion = en;
			hasScannedForEncodings = 0;
			knownRegions = (
				en,
				Base,
			);
			mainGroup = 2E781FBB29EBAD0700F3C5A9;
			productRefGroup = 2E781FC529EBAD0700F3C5A9 /* Products */;
			projectDirPath = "";
			projectRoot = "";
			targets = (
				2E781FC329EBAD0700F3C5A9 /* ReZemeUI */,
			);
		};
/* End PBXProject section */

/* Begin PBXResourcesBuildPhase section */
		2E781FC229EBAD0700F3C5A9 /* Resources */ = {
			isa = PBXResourcesBuildPhase;
			buildActionMask = 2147483647;
			files = (
				2E781FEE29EBAF0000F3C5A9 /* Colors.xcassets in Resources */,
				2E781FCF29EBAD0900F3C5A9 /* Preview Assets.xcassets in Resources */,
				2E781FFA29EBAF1F00F3C5A9 /* Poppins-Regular.ttf in Resources */,
				2E781FFB29EBAF1F00F3C5A9 /* Poppins-Bold.ttf in Resources */,
				2E781FCC29EBAD0900F3C5A9 /* Assets.xcassets in Resources */,
				2E781FF729EBAF1F00F3C5A9 /* Poppins-Light.ttf in Resources */,
				2E781FFC29EBAF1F00F3C5A9 /* Poppins-SemiBold.ttf in Resources */,
				2E781FF929EBAF1F00F3C5A9 /* Poppins-ExtraBold.ttf in Resources */,
				2E781FF829EBAF1F00F3C5A9 /* Poppins-Medium.ttf in Resources */,
				2E6578DD29F5C77E00E53F07 /* MyParticle.sks in Resources */,
			);
			runOnlyForDeploymentPostprocessing = 0;
		};
/* End PBXResourcesBuildPhase section */

/* Begin PBXSourcesBuildPhase section */
		2E781FC029EBAD0700F3C5A9 /* Sources */ = {
			isa = PBXSourcesBuildPhase;
			buildActionMask = 2147483647;
			files = (
				2EF7741D29EDB2CF00AA7D5C /* SelectDocSheetView.swift in Sources */,
				9DB1A84729F659680045D9BD /* QRView.swift in Sources */,
				9D141DE429F99B2000CA6E23 /* AgentNotificationView.swift in Sources */,
				2E78201429EBB14800F3C5A9 /* Constants.swift in Sources */,
				2EEED74129EC1D49005AD516 /* MessageRenter.swift in Sources */,
				2ECE122329FD68D000B60263 /* DocumentItemCell.swift in Sources */,
				2E78201729EBB2A300F3C5A9 /* AsyncImage.swift in Sources */,
				2E32B9C529EC699000B96558 /* MessageRenterViewModel.swift in Sources */,
				2EEED75029EC1E15005AD516 /* KeyboardHeightHelper.swift in Sources */,
				2EEED74C29EC1D62005AD516 /* MockDataRenter.swift in Sources */,
				9DB1A84E29F6926D0045D9BD /* PropertyModel.swift in Sources */,
				2EEED74629EC1D49005AD516 /* ClientChat.swift in Sources */,
				2E303C3929F949CF00C93E20 /* NeighborhoodModel.swift in Sources */,
				2ED7EEC029F9A4B200EBE31C /* RenterDetailRemove.swift in Sources */,
				2EEED74A29EC1D49005AD516 /* MessageType.swift in Sources */,
				9DB1A85229F692D90045D9BD /* TextWithStroke.swift in Sources */,
				2E78200329EBB08000F3C5A9 /* PrimaryTextField.swift in Sources */,
				2E78202129EBB2C600F3C5A9 /* EnvironmentValues+ImageCache.swift in Sources */,
				2ECE122129FD67B700B60263 /* RenterDocumentsView.swift in Sources */,
				9D9225D929F845BD00DF5B77 /* AgentEditProfileVM.swift in Sources */,
				2E781FFE29EBB03A00F3C5A9 /* Shadow+.swift in Sources */,
				2EE41D7129F0C86E00E4B878 /* PinViewModel.swift in Sources */,
				2EEED74829EC1D49005AD516 /* ChatItem.swift in Sources */,
				9DB1A85429F693220045D9BD /* MockData.swift in Sources */,
				2E63256C29F7EF12004D5AE1 /* RenterProfileEditView.swift in Sources */,
				2E781FDE29EBADC700F3C5A9 /* CreditCheckView.swift in Sources */,
				2EB5030829F8A888006FAFE1 /* SavedListingsEmptyView.swift in Sources */,
				2EEB218829EF65F5005D13A7 /* MessageAgentViewModel.swift in Sources */,
				9DB1A85D29F699450045D9BD /* ApplicationProgress.swift in Sources */,
				2EDDF8AA29EE438D00A07574 /* RenterChatTypesProtocol.swift in Sources */,
				9DB1A86229F6A1670045D9BD /* AgentSpecificApplicationView.swift in Sources */,
				2E303C3E29F980FA00C93E20 /* CheckableImageWithTitle.swift in Sources */,
				9D7C89E829ECDD2B00DA223D /* Haptic.swift in Sources */,
				2EEB218629EF6553005D13A7 /* MessageAgent.swift in Sources */,
				9DB1A85029F692AE0045D9BD /* ItemImageBottomTextView .swift in Sources */,
				2E781FDE29EBADC700F3C5A9 /* CreditCheckView.swift in Sources */,
				2EE41D7529F0CB4700E4B878 /* PinCodeView.swift in Sources */,
				2EEB218C29EF6871005D13A7 /* AgentOfferChat.swift in Sources */,
				2E84CE0B29F54DFB0029FDBD /* ButtonMaker.swift in Sources */,
				9D2694C429EDEBF600AA6272 /* HomeView.swift in Sources */,
				2E731CCA29FBDD1D000EE348 /* TimePickerUI.swift in Sources */,
				2E781FE829EBAE1000F3C5A9 /* FontWithLineHeight.swift in Sources */,
				2E84CE0729F549AF0029FDBD /* ExpandingCell.swift in Sources */,
				2ECE121929FD600C00B60263 /* SavedListingsView.swift in Sources */,
				9D7C89E629ECDCEB00DA223D /* TextFieldWithIcon.swift in Sources */,
				2E781FE029EBADC700F3C5A9 /* RequestedDocCard.swift in Sources */,
				2EF7741F29EDB58200AA7D5C /* UploadFileView.swift in Sources */,
				2E781FDF29EBADC700F3C5A9 /* CongratsView.swift in Sources */,
				2EF7742729EDD24A00AA7D5C /* MeetingTypeAlert.swift in Sources */,
				9D141DDE29F9567E00CA6E23 /* AgentProStatisticView.swift in Sources */,
				2E731CCC29FBE9B1000EE348 /* RenterFilterView.swift in Sources */,
				2E1DB6A129F7002E00A03848 /* AuthViewModel.swift in Sources */,
				2E78200729EBB0D800F3C5A9 /* CustomCornerRadius.swift in Sources */,
				9D141DE029F9618F00CA6E23 /* LineChart.swift in Sources */,
				2E78201529EBB14800F3C5A9 /* Enums.swift in Sources */,
				9DB1A84A29F66AEE0045D9BD /* AgentMainView.swift in Sources */,
				9DB1A85F29F699640045D9BD /* ItemShortInfoView copy.swift in Sources */,
				2E781FE329EBADC700F3C5A9 /* ApplicationChecklist.swift in Sources */,
				2EEED74229EC1D49005AD516 /* OfferChat.swift in Sources */,
				2E78201029EBB13200F3C5A9 /* NavigationLazy.swift in Sources */,
				2E303C4129F998BD00C93E20 /* RenterProfileHelperSubviews.swift in Sources */,
				2E731CCF29FBEF84000EE348 /* RenterFilterView_UI.swift in Sources */,
				2E4BEE2029F5A4C0005CD69D /* LineView.swift in Sources */,
				9DB1A85B29F698EF0045D9BD /* ApplicationsListView.swift in Sources */,
				2EEB21E929EF6FF2005D13A7 /* AgentChatTypesProtocol.swift in Sources */,
				9DB1A84C29F692190045D9BD /* AgentPropertyItemView.swift in Sources */,
				2EDDF8A529EE2DFC00A07574 /* MeetingAlertView.swift in Sources */,
				2E78202029EBB2C600F3C5A9 /* ImagePicker.swift in Sources */,
				2E781FEF29EBAF0000F3C5A9 /* Color.swift in Sources */,
				2EE41D6F29F0C62300E4B878 /* PinCodeTextField.swift in Sources */,
				2EE41D6D29F0B6F200E4B878 /* PhoneNumberView.swift in Sources */,
				9DB1A85929F698CB0045D9BD /* AgentApplicationsView.swift in Sources */,
				2E84CE0529F548470029FDBD /* SettingsRenter.swift in Sources */,
				2EEED74729EC1D49005AD516 /* UserChat.swift in Sources */,
				2E78200029EBB05800F3C5A9 /* ColorGradient.swift in Sources */,
				9DB0DB1029F091BD00EB9283 /* PlaidVerifiedView.swift in Sources */,
				2EF7742329EDC86300AA7D5C /* FileModel.swift in Sources */,
				2E4BEE1E29F5973B005CD69D /* SupportRenter.swift in Sources */,
				2E78200F29EBB13200F3C5A9 /* NavigationCustomModifier.swift in Sources */,
				2E781FCA29EBAD0700F3C5A9 /* ContentView.swift in Sources */,
				2EEB21EB29EF72A5005D13A7 /* AgentMeetingChat.swift in Sources */,
				2E1DB69F29F6FE2A00A03848 /* PhotoCaptureView.swift in Sources */,
				2EEB21ED29EF7410005D13A7 /* AgentAlarmChat.swift in Sources */,
				2EEB218E29EF6A05005D13A7 /* AgentChatItem.swift in Sources */,
				2E84CE0329F12E330029FDBD /* ActionButton.swift in Sources */,
				2E4BEE2329F5A8FA005CD69D /* MyDocumentsView.swift in Sources */,
				2ED7EEBD29F9A46300EBE31C /* RenterPropertyDetailView.swift in Sources */,
				9D9225D729F8451300DF5B77 /* AgentEditProfile.swift in Sources */,
				2E78201F29EBB2C600F3C5A9 /* ImageLoader.swift in Sources */,
				9D141DDB29F952B700CA6E23 /* AgentPinCodeView.swift in Sources */,
				2E781FE129EBADC700F3C5A9 /* AddingInviteEmailCard.swift in Sources */,
				2EEED74429EC1D49005AD516 /* AlarmChat.swift in Sources */,
				9D141DD929F94F6100CA6E23 /* AgentPhoneNumberView.swift in Sources */,
				2EEED74929EC1D49005AD516 /* OfferChatModel.swift in Sources */,
				2EC1DD9B29FA712B006DA0BC /* RenterMainExView.swift in Sources */,
				2EEED74E29EC1DC3005AD516 /* Formatting.swift in Sources */,
				2E78201E29EBB2C600F3C5A9 /* ImageCache.swift in Sources */,
				2E63256E29F7EF2C004D5AE1 /* RenterProfileViewModel.swift in Sources */,
				2EEED74529EC1D49005AD516 /* ChatTextFiledStyle.swift in Sources */,
				2EF7742129EDC79700AA7D5C /* UploadFileSheetView.swift in Sources */,
				2E3264EF29EDA165000E3435 /* SelectDocumentTypeView.swift in Sources */,
				9D85A07329ED78A5004FEAF3 /* ParticleScene.swift in Sources */,
				9D2694C029EDD67400AA6272 /* CreditCheckVM.swift in Sources */,
				2ECE121C29FD606200B60263 /* SavedItemView.swift in Sources */,
				9D2694C229EDEB6000AA6272 /* CustomNavBar.swift in Sources */,
				2EC1DD9D29FA7DDA006DA0BC /* FilterViewModel.swift in Sources */,
				2E781FE229EBADC700F3C5A9 /* ContenViewModel.swift in Sources */,
				2EEED74329EC1D49005AD516 /* MeetingChat.swift in Sources */,
				2EDDF8A829EE2ED700A07574 /* VisualEffectView.swift in Sources */,
				2E63256929F7EC8F004D5AE1 /* RounderShadowModifier.swift in Sources */,
				9DB1A86529F6F6320045D9BD /* HomeChart.swift in Sources */,
				2ECE121E29FD609400B60263 /* SavedButton.swift in Sources */,
				2EC1DDA029FA934A006DA0BC /* HeaderWithImageTitleTip.swift in Sources */,
				2E781FEA29EBAE4A00F3C5A9 /* Fonts.swift in Sources */,
				2E781FC829EBAD0700F3C5A9 /* ReZemeUIApp.swift in Sources */,
				9D2694BE29EDD28500AA6272 /* SimpleTextCheckView.swift in Sources */,
				2E78200D29EBB13200F3C5A9 /* NavigationNavBar.swift in Sources */,
				2E78202229EBB2C600F3C5A9 /* AsyncImageTool.swift in Sources */,
				9D9225DB29F846BA00DF5B77 /* CheckButtonCustom.swift in Sources */,
				2E78200529EBB0AB00F3C5A9 /* CustomAlert.swift in Sources */,
				2EB5030929F8A888006FAFE1 /* ApplicationsEmptyView.swift in Sources */,
			);
			runOnlyForDeploymentPostprocessing = 0;
		};
/* End PBXSourcesBuildPhase section */

/* Begin XCBuildConfiguration section */
		2E781FD029EBAD0900F3C5A9 /* Debug */ = {
			isa = XCBuildConfiguration;
			buildSettings = {
				ALWAYS_SEARCH_USER_PATHS = NO;
				CLANG_ANALYZER_NONNULL = YES;
				CLANG_ANALYZER_NUMBER_OBJECT_CONVERSION = YES_AGGRESSIVE;
				CLANG_CXX_LANGUAGE_STANDARD = "gnu++20";
				CLANG_ENABLE_MODULES = YES;
				CLANG_ENABLE_OBJC_ARC = YES;
				CLANG_ENABLE_OBJC_WEAK = YES;
				CLANG_WARN_BLOCK_CAPTURE_AUTORELEASING = YES;
				CLANG_WARN_BOOL_CONVERSION = YES;
				CLANG_WARN_COMMA = YES;
				CLANG_WARN_CONSTANT_CONVERSION = YES;
				CLANG_WARN_DEPRECATED_OBJC_IMPLEMENTATIONS = YES;
				CLANG_WARN_DIRECT_OBJC_ISA_USAGE = YES_ERROR;
				CLANG_WARN_DOCUMENTATION_COMMENTS = YES;
				CLANG_WARN_EMPTY_BODY = YES;
				CLANG_WARN_ENUM_CONVERSION = YES;
				CLANG_WARN_INFINITE_RECURSION = YES;
				CLANG_WARN_INT_CONVERSION = YES;
				CLANG_WARN_NON_LITERAL_NULL_CONVERSION = YES;
				CLANG_WARN_OBJC_IMPLICIT_RETAIN_SELF = YES;
				CLANG_WARN_OBJC_LITERAL_CONVERSION = YES;
				CLANG_WARN_OBJC_ROOT_CLASS = YES_ERROR;
				CLANG_WARN_QUOTED_INCLUDE_IN_FRAMEWORK_HEADER = YES;
				CLANG_WARN_RANGE_LOOP_ANALYSIS = YES;
				CLANG_WARN_STRICT_PROTOTYPES = YES;
				CLANG_WARN_SUSPICIOUS_MOVE = YES;
				CLANG_WARN_UNGUARDED_AVAILABILITY = YES_AGGRESSIVE;
				CLANG_WARN_UNREACHABLE_CODE = YES;
				CLANG_WARN__DUPLICATE_METHOD_MATCH = YES;
				COPY_PHASE_STRIP = NO;
				DEBUG_INFORMATION_FORMAT = dwarf;
				ENABLE_STRICT_OBJC_MSGSEND = YES;
				ENABLE_TESTABILITY = YES;
				GCC_C_LANGUAGE_STANDARD = gnu11;
				GCC_DYNAMIC_NO_PIC = NO;
				GCC_NO_COMMON_BLOCKS = YES;
				GCC_OPTIMIZATION_LEVEL = 0;
				GCC_PREPROCESSOR_DEFINITIONS = (
					"DEBUG=1",
					"$(inherited)",
				);
				GCC_WARN_64_TO_32_BIT_CONVERSION = YES;
				GCC_WARN_ABOUT_RETURN_TYPE = YES_ERROR;
				GCC_WARN_UNDECLARED_SELECTOR = YES;
				GCC_WARN_UNINITIALIZED_AUTOS = YES_AGGRESSIVE;
				GCC_WARN_UNUSED_FUNCTION = YES;
				GCC_WARN_UNUSED_VARIABLE = YES;
				IPHONEOS_DEPLOYMENT_TARGET = 16.4;
				MTL_ENABLE_DEBUG_INFO = INCLUDE_SOURCE;
				MTL_FAST_MATH = YES;
				ONLY_ACTIVE_ARCH = YES;
				SDKROOT = iphoneos;
				SWIFT_ACTIVE_COMPILATION_CONDITIONS = DEBUG;
				SWIFT_OPTIMIZATION_LEVEL = "-Onone";
			};
			name = Debug;
		};
		2E781FD129EBAD0900F3C5A9 /* Release */ = {
			isa = XCBuildConfiguration;
			buildSettings = {
				ALWAYS_SEARCH_USER_PATHS = NO;
				CLANG_ANALYZER_NONNULL = YES;
				CLANG_ANALYZER_NUMBER_OBJECT_CONVERSION = YES_AGGRESSIVE;
				CLANG_CXX_LANGUAGE_STANDARD = "gnu++20";
				CLANG_ENABLE_MODULES = YES;
				CLANG_ENABLE_OBJC_ARC = YES;
				CLANG_ENABLE_OBJC_WEAK = YES;
				CLANG_WARN_BLOCK_CAPTURE_AUTORELEASING = YES;
				CLANG_WARN_BOOL_CONVERSION = YES;
				CLANG_WARN_COMMA = YES;
				CLANG_WARN_CONSTANT_CONVERSION = YES;
				CLANG_WARN_DEPRECATED_OBJC_IMPLEMENTATIONS = YES;
				CLANG_WARN_DIRECT_OBJC_ISA_USAGE = YES_ERROR;
				CLANG_WARN_DOCUMENTATION_COMMENTS = YES;
				CLANG_WARN_EMPTY_BODY = YES;
				CLANG_WARN_ENUM_CONVERSION = YES;
				CLANG_WARN_INFINITE_RECURSION = YES;
				CLANG_WARN_INT_CONVERSION = YES;
				CLANG_WARN_NON_LITERAL_NULL_CONVERSION = YES;
				CLANG_WARN_OBJC_IMPLICIT_RETAIN_SELF = YES;
				CLANG_WARN_OBJC_LITERAL_CONVERSION = YES;
				CLANG_WARN_OBJC_ROOT_CLASS = YES_ERROR;
				CLANG_WARN_QUOTED_INCLUDE_IN_FRAMEWORK_HEADER = YES;
				CLANG_WARN_RANGE_LOOP_ANALYSIS = YES;
				CLANG_WARN_STRICT_PROTOTYPES = YES;
				CLANG_WARN_SUSPICIOUS_MOVE = YES;
				CLANG_WARN_UNGUARDED_AVAILABILITY = YES_AGGRESSIVE;
				CLANG_WARN_UNREACHABLE_CODE = YES;
				CLANG_WARN__DUPLICATE_METHOD_MATCH = YES;
				COPY_PHASE_STRIP = NO;
				DEBUG_INFORMATION_FORMAT = "dwarf-with-dsym";
				ENABLE_NS_ASSERTIONS = NO;
				ENABLE_STRICT_OBJC_MSGSEND = YES;
				GCC_C_LANGUAGE_STANDARD = gnu11;
				GCC_NO_COMMON_BLOCKS = YES;
				GCC_WARN_64_TO_32_BIT_CONVERSION = YES;
				GCC_WARN_ABOUT_RETURN_TYPE = YES_ERROR;
				GCC_WARN_UNDECLARED_SELECTOR = YES;
				GCC_WARN_UNINITIALIZED_AUTOS = YES_AGGRESSIVE;
				GCC_WARN_UNUSED_FUNCTION = YES;
				GCC_WARN_UNUSED_VARIABLE = YES;
				IPHONEOS_DEPLOYMENT_TARGET = 16.4;
				MTL_ENABLE_DEBUG_INFO = NO;
				MTL_FAST_MATH = YES;
				SDKROOT = iphoneos;
				SWIFT_COMPILATION_MODE = wholemodule;
				SWIFT_OPTIMIZATION_LEVEL = "-O";
				VALIDATE_PRODUCT = YES;
			};
			name = Release;
		};
		2E781FD329EBAD0900F3C5A9 /* Debug */ = {
			isa = XCBuildConfiguration;
			buildSettings = {
				ASSETCATALOG_COMPILER_APPICON_NAME = AppIcon;
				ASSETCATALOG_COMPILER_GLOBAL_ACCENT_COLOR_NAME = AccentColor;
				CODE_SIGN_IDENTITY = "Apple Development";
				CODE_SIGN_STYLE = Automatic;
				CURRENT_PROJECT_VERSION = 1;
				DEVELOPMENT_ASSET_PATHS = "\"ReZemeUI/Preview Content\"";
				DEVELOPMENT_TEAM = 2ZXW2899XB;
				ENABLE_PREVIEWS = YES;
				GENERATE_INFOPLIST_FILE = YES;
				INFOPLIST_KEY_NSCameraUsageDescription = "We use your camera";
				INFOPLIST_KEY_UIApplicationSceneManifest_Generation = YES;
				INFOPLIST_KEY_UIApplicationSupportsIndirectInputEvents = YES;
				INFOPLIST_KEY_UILaunchScreen_Generation = YES;
				INFOPLIST_KEY_UISupportedInterfaceOrientations = "UIInterfaceOrientationLandscapeLeft UIInterfaceOrientationLandscapeRight UIInterfaceOrientationPortrait UIInterfaceOrientationPortraitUpsideDown";
				INFOPLIST_KEY_UIUserInterfaceStyle = Light;
				IPHONEOS_DEPLOYMENT_TARGET = 14.0;
				LD_RUNPATH_SEARCH_PATHS = (
					"$(inherited)",
					"@executable_path/Frameworks",
				);
				MARKETING_VERSION = 1.0;
				PRODUCT_BUNDLE_IDENTIFIER = com.zemeliving.ZemeChatDebug;
				PRODUCT_NAME = "$(TARGET_NAME)";
				PROVISIONING_PROFILE_SPECIFIER = "";
				SWIFT_EMIT_LOC_STRINGS = YES;
				SWIFT_VERSION = 5.0;
				TARGETED_DEVICE_FAMILY = "1,2";
			};
			name = Debug;
		};
		2E781FD429EBAD0900F3C5A9 /* Release */ = {
			isa = XCBuildConfiguration;
			buildSettings = {
				ASSETCATALOG_COMPILER_APPICON_NAME = AppIcon;
				ASSETCATALOG_COMPILER_GLOBAL_ACCENT_COLOR_NAME = AccentColor;
				CODE_SIGN_IDENTITY = "Apple Development";
				CODE_SIGN_STYLE = Automatic;
				CURRENT_PROJECT_VERSION = 1;
				DEVELOPMENT_ASSET_PATHS = "\"ReZemeUI/Preview Content\"";
				DEVELOPMENT_TEAM = 2ZXW2899XB;
				ENABLE_PREVIEWS = YES;
				GENERATE_INFOPLIST_FILE = YES;
				INFOPLIST_KEY_NSCameraUsageDescription = "We use your camera";
				INFOPLIST_KEY_UIApplicationSceneManifest_Generation = YES;
				INFOPLIST_KEY_UIApplicationSupportsIndirectInputEvents = YES;
				INFOPLIST_KEY_UILaunchScreen_Generation = YES;
				INFOPLIST_KEY_UISupportedInterfaceOrientations = "UIInterfaceOrientationLandscapeLeft UIInterfaceOrientationLandscapeRight UIInterfaceOrientationPortrait UIInterfaceOrientationPortraitUpsideDown";
				INFOPLIST_KEY_UIUserInterfaceStyle = Light;
				IPHONEOS_DEPLOYMENT_TARGET = 14.0;
				LD_RUNPATH_SEARCH_PATHS = (
					"$(inherited)",
					"@executable_path/Frameworks",
				);
				MARKETING_VERSION = 1.0;
				PRODUCT_BUNDLE_IDENTIFIER = com.zemeliving.ZemeChatDebug;
				PRODUCT_NAME = "$(TARGET_NAME)";
				PROVISIONING_PROFILE_SPECIFIER = "";
				SWIFT_EMIT_LOC_STRINGS = YES;
				SWIFT_VERSION = 5.0;
				TARGETED_DEVICE_FAMILY = "1,2";
			};
			name = Release;
		};
/* End XCBuildConfiguration section */

/* Begin XCConfigurationList section */
		2E781FBF29EBAD0700F3C5A9 /* Build configuration list for PBXProject "ReZemeUI" */ = {
			isa = XCConfigurationList;
			buildConfigurations = (
				2E781FD029EBAD0900F3C5A9 /* Debug */,
				2E781FD129EBAD0900F3C5A9 /* Release */,
			);
			defaultConfigurationIsVisible = 0;
			defaultConfigurationName = Release;
		};
		2E781FD229EBAD0900F3C5A9 /* Build configuration list for PBXNativeTarget "ReZemeUI" */ = {
			isa = XCConfigurationList;
			buildConfigurations = (
				2E781FD329EBAD0900F3C5A9 /* Debug */,
				2E781FD429EBAD0900F3C5A9 /* Release */,
			);
			defaultConfigurationIsVisible = 0;
			defaultConfigurationName = Release;
		};
/* End XCConfigurationList section */
	};
	rootObject = 2E781FBC29EBAD0700F3C5A9 /* Project object */;
}
